// !$*UTF8*$!
{
	archiveVersion = 1;
	classes = {
	};
	objectVersion = 50;
	objects = {

/* Begin PBXBuildFile section */
		02316EFD22FF2943000DA34B /* Boy_UpperBody_diffuse.png in Resources */ = {isa = PBXBuildFile; fileRef = 02316EF422FF2943000DA34B /* Boy_UpperBody_diffuse.png */; };
		02316EFE22FF2943000DA34B /* Boy_UpperBody_diffuse.png in Resources */ = {isa = PBXBuildFile; fileRef = 02316EF422FF2943000DA34B /* Boy_UpperBody_diffuse.png */; };
		02316EFF22FF2943000DA34B /* boy_walking.gltf in Resources */ = {isa = PBXBuildFile; fileRef = 02316EF522FF2943000DA34B /* boy_walking.gltf */; };
		02316F0022FF2943000DA34B /* boy_walking.gltf in Resources */ = {isa = PBXBuildFile; fileRef = 02316EF522FF2943000DA34B /* boy_walking.gltf */; };
		02316F0122FF2943000DA34B /* Boy_Hair_diffuse.png in Resources */ = {isa = PBXBuildFile; fileRef = 02316EF622FF2943000DA34B /* Boy_Hair_diffuse.png */; };
		02316F0222FF2943000DA34B /* Boy_Hair_diffuse.png in Resources */ = {isa = PBXBuildFile; fileRef = 02316EF622FF2943000DA34B /* Boy_Hair_diffuse.png */; };
		02316F0322FF2943000DA34B /* boy_walking.bin in Resources */ = {isa = PBXBuildFile; fileRef = 02316EF722FF2943000DA34B /* boy_walking.bin */; };
		02316F0422FF2943000DA34B /* boy_walking.bin in Resources */ = {isa = PBXBuildFile; fileRef = 02316EF722FF2943000DA34B /* boy_walking.bin */; };
		02316F0522FF2943000DA34B /* Boy_Scarf_diffuse.png in Resources */ = {isa = PBXBuildFile; fileRef = 02316EF822FF2943000DA34B /* Boy_Scarf_diffuse.png */; };
		02316F0622FF2943000DA34B /* Boy_Scarf_diffuse.png in Resources */ = {isa = PBXBuildFile; fileRef = 02316EF822FF2943000DA34B /* Boy_Scarf_diffuse.png */; };
		02316F0722FF2943000DA34B /* Boy_Hands_diffuse.png in Resources */ = {isa = PBXBuildFile; fileRef = 02316EF922FF2943000DA34B /* Boy_Hands_diffuse.png */; };
		02316F0822FF2943000DA34B /* Boy_Hands_diffuse.png in Resources */ = {isa = PBXBuildFile; fileRef = 02316EF922FF2943000DA34B /* Boy_Hands_diffuse.png */; };
		02316F0922FF2943000DA34B /* Boy_Shoes_diffuse.png in Resources */ = {isa = PBXBuildFile; fileRef = 02316EFA22FF2943000DA34B /* Boy_Shoes_diffuse.png */; };
		02316F0A22FF2943000DA34B /* Boy_Shoes_diffuse.png in Resources */ = {isa = PBXBuildFile; fileRef = 02316EFA22FF2943000DA34B /* Boy_Shoes_diffuse.png */; };
		02316F0B22FF2943000DA34B /* Boy_Head_diffuse.png in Resources */ = {isa = PBXBuildFile; fileRef = 02316EFB22FF2943000DA34B /* Boy_Head_diffuse.png */; };
		02316F0C22FF2943000DA34B /* Boy_Head_diffuse.png in Resources */ = {isa = PBXBuildFile; fileRef = 02316EFB22FF2943000DA34B /* Boy_Head_diffuse.png */; };
		02316F0D22FF2943000DA34B /* Boy_LowerBody_diffuse.png in Resources */ = {isa = PBXBuildFile; fileRef = 02316EFC22FF2943000DA34B /* Boy_LowerBody_diffuse.png */; };
		02316F0E22FF2943000DA34B /* Boy_LowerBody_diffuse.png in Resources */ = {isa = PBXBuildFile; fileRef = 02316EFC22FF2943000DA34B /* Boy_LowerBody_diffuse.png */; };
		0284473822C02DFB00A4E479 /* Water.swift in Sources */ = {isa = PBXBuildFile; fileRef = 0284473722C02DFB00A4E479 /* Water.swift */; };
		0284473922C02DFB00A4E479 /* Water.swift in Sources */ = {isa = PBXBuildFile; fileRef = 0284473722C02DFB00A4E479 /* Water.swift */; };
		0284473B22C0377500A4E479 /* Water.metal in Sources */ = {isa = PBXBuildFile; fileRef = 0284473A22C0377500A4E479 /* Water.metal */; };
		0284473C22C0377500A4E479 /* Water.metal in Sources */ = {isa = PBXBuildFile; fileRef = 0284473A22C0377500A4E479 /* Water.metal */; };
		0284473E22C0455C00A4E479 /* normal-water.png in Resources */ = {isa = PBXBuildFile; fileRef = 0284473D22C0455C00A4E479 /* normal-water.png */; };
		0284473F22C0455C00A4E479 /* normal-water.png in Resources */ = {isa = PBXBuildFile; fileRef = 0284473D22C0455C00A4E479 /* normal-water.png */; };
		0284474122C04EE500A4E479 /* RenderPass.swift in Sources */ = {isa = PBXBuildFile; fileRef = 0284474022C04EE500A4E479 /* RenderPass.swift */; };
		0284474222C04EE500A4E479 /* RenderPass.swift in Sources */ = {isa = PBXBuildFile; fileRef = 0284474022C04EE500A4E479 /* RenderPass.swift */; };
		A539CE7C21E29C0A004FD174 /* chipped_paint_texture.jpg in Resources */ = {isa = PBXBuildFile; fileRef = A539CE7B21E29C0A004FD174 /* chipped_paint_texture.jpg */; };
		A539CE7D21E29C3E004FD174 /* chipped_paint_texture.jpg in Resources */ = {isa = PBXBuildFile; fileRef = A539CE7B21E29C0A004FD174 /* chipped_paint_texture.jpg */; };
		A551AE0821C9A4E700FA207B /* Animation.swift in Sources */ = {isa = PBXBuildFile; fileRef = A551AE0721C9A4E700FA207B /* Animation.swift */; };
		A551AE0921C9A4E700FA207B /* Animation.swift in Sources */ = {isa = PBXBuildFile; fileRef = A551AE0721C9A4E700FA207B /* Animation.swift */; };
		A563DF1221E6EBBE00563EA9 /* Skybox.swift in Sources */ = {isa = PBXBuildFile; fileRef = A563DF1121E6EBBE00563EA9 /* Skybox.swift */; };
		A563DF1321E6EBBE00563EA9 /* Skybox.swift in Sources */ = {isa = PBXBuildFile; fileRef = A563DF1121E6EBBE00563EA9 /* Skybox.swift */; };
		A563DF1521E7999F00563EA9 /* Skybox.metal in Sources */ = {isa = PBXBuildFile; fileRef = A563DF1421E7999F00563EA9 /* Skybox.metal */; };
		A563DF1621E7999F00563EA9 /* Skybox.metal in Sources */ = {isa = PBXBuildFile; fileRef = A563DF1421E7999F00563EA9 /* Skybox.metal */; };
		A563DF1C21E8035200563EA9 /* Transform.swift in Sources */ = {isa = PBXBuildFile; fileRef = A563DF1B21E8035200563EA9 /* Transform.swift */; };
		A563DF1D21E8035200563EA9 /* Transform.swift in Sources */ = {isa = PBXBuildFile; fileRef = A563DF1B21E8035200563EA9 /* Transform.swift */; };
		A56ACB5421C728750069962B /* Textures.xcassets in Resources */ = {isa = PBXBuildFile; fileRef = A56ACB5321C728750069962B /* Textures.xcassets */; };
		A56ACB5521C728750069962B /* Textures.xcassets in Resources */ = {isa = PBXBuildFile; fileRef = A56ACB5321C728750069962B /* Textures.xcassets */; };
		A575069F21CD63E200C63081 /* InputController.swift in Sources */ = {isa = PBXBuildFile; fileRef = A575069C21CD63E100C63081 /* InputController.swift */; };
		A57506A021CD63E200C63081 /* PhysicsController.swift in Sources */ = {isa = PBXBuildFile; fileRef = A575069D21CD63E200C63081 /* PhysicsController.swift */; };
		A57506A121CD63E200C63081 /* PhysicsController.swift in Sources */ = {isa = PBXBuildFile; fileRef = A575069D21CD63E200C63081 /* PhysicsController.swift */; };
		A57506A321CD641300C63081 /* GameView.swift in Sources */ = {isa = PBXBuildFile; fileRef = A57506A221CD641300C63081 /* GameView.swift */; };
		A57506B421CD646900C63081 /* large-plane.mtl in Resources */ = {isa = PBXBuildFile; fileRef = A57506A821CD646900C63081 /* large-plane.mtl */; };
		A57506B521CD646900C63081 /* large-plane.mtl in Resources */ = {isa = PBXBuildFile; fileRef = A57506A821CD646900C63081 /* large-plane.mtl */; };
		A57506B621CD646900C63081 /* large-plane.obj in Resources */ = {isa = PBXBuildFile; fileRef = A57506A921CD646900C63081 /* large-plane.obj */; };
		A57506B721CD646900C63081 /* large-plane.obj in Resources */ = {isa = PBXBuildFile; fileRef = A57506A921CD646900C63081 /* large-plane.obj */; };
		A57506B821CD646900C63081 /* treefir.mtl in Resources */ = {isa = PBXBuildFile; fileRef = A57506AB21CD646900C63081 /* treefir.mtl */; };
		A57506B921CD646900C63081 /* treefir.mtl in Resources */ = {isa = PBXBuildFile; fileRef = A57506AB21CD646900C63081 /* treefir.mtl */; };
		A57506BA21CD646900C63081 /* treefir.obj in Resources */ = {isa = PBXBuildFile; fileRef = A57506AC21CD646900C63081 /* treefir.obj */; };
		A57506BB21CD646900C63081 /* treefir.obj in Resources */ = {isa = PBXBuildFile; fileRef = A57506AC21CD646900C63081 /* treefir.obj */; };
		A57506C321CD65A400C63081 /* skeleton.gltf in Resources */ = {isa = PBXBuildFile; fileRef = A57506C121CD65A400C63081 /* skeleton.gltf */; };
		A57506C421CD65A400C63081 /* skeleton.gltf in Resources */ = {isa = PBXBuildFile; fileRef = A57506C121CD65A400C63081 /* skeleton.gltf */; };
		A57506C521CD65A400C63081 /* buffer_skeleton.bin in Resources */ = {isa = PBXBuildFile; fileRef = A57506C221CD65A400C63081 /* buffer_skeleton.bin */; };
		A57506C621CD65A400C63081 /* buffer_skeleton.bin in Resources */ = {isa = PBXBuildFile; fileRef = A57506C221CD65A400C63081 /* buffer_skeleton.bin */; };
		A57506CA21CD669700C63081 /* DebugBoundingBox.metal in Sources */ = {isa = PBXBuildFile; fileRef = A57506C821CD669700C63081 /* DebugBoundingBox.metal */; };
		A57506CB21CD669700C63081 /* DebugBoundingBox.metal in Sources */ = {isa = PBXBuildFile; fileRef = A57506C821CD669700C63081 /* DebugBoundingBox.metal */; };
		A57506CC21CD669700C63081 /* DebugBoundingBox.swift in Sources */ = {isa = PBXBuildFile; fileRef = A57506C921CD669700C63081 /* DebugBoundingBox.swift */; };
		A57506CD21CD669700C63081 /* DebugBoundingBox.swift in Sources */ = {isa = PBXBuildFile; fileRef = A57506C921CD669700C63081 /* DebugBoundingBox.swift */; };
		A57506D021CD680E00C63081 /* Renderable.swift in Sources */ = {isa = PBXBuildFile; fileRef = A57506CF21CD680E00C63081 /* Renderable.swift */; };
		A57506D121CD680E00C63081 /* Renderable.swift in Sources */ = {isa = PBXBuildFile; fileRef = A57506CF21CD680E00C63081 /* Renderable.swift */; };
		A57506D721CD6C9200C63081 /* GLTFMathLibrary.swift in Sources */ = {isa = PBXBuildFile; fileRef = A57506D421CD6C9200C63081 /* GLTFMathLibrary.swift */; };
		A57506D821CD6C9200C63081 /* GLTFMathLibrary.swift in Sources */ = {isa = PBXBuildFile; fileRef = A57506D421CD6C9200C63081 /* GLTFMathLibrary.swift */; };
		A57506D921CD6C9200C63081 /* GLTFAsset.swift in Sources */ = {isa = PBXBuildFile; fileRef = A57506D521CD6C9200C63081 /* GLTFAsset.swift */; };
		A57506DA21CD6C9200C63081 /* GLTFAsset.swift in Sources */ = {isa = PBXBuildFile; fileRef = A57506D521CD6C9200C63081 /* GLTFAsset.swift */; };
		A57506DB21CD6C9200C63081 /* GLTFTypes.swift in Sources */ = {isa = PBXBuildFile; fileRef = A57506D621CD6C9200C63081 /* GLTFTypes.swift */; };
		A57506DC21CD6C9200C63081 /* GLTFTypes.swift in Sources */ = {isa = PBXBuildFile; fileRef = A57506D621CD6C9200C63081 /* GLTFTypes.swift */; };
		A57506DF21CD970B00C63081 /* Scene.swift in Sources */ = {isa = PBXBuildFile; fileRef = A57506DE21CD970B00C63081 /* Scene.swift */; };
		A57506E021CD970B00C63081 /* Scene.swift in Sources */ = {isa = PBXBuildFile; fileRef = A57506DE21CD970B00C63081 /* Scene.swift */; };
		A57506E221CDA2C600C63081 /* GameScene.swift in Sources */ = {isa = PBXBuildFile; fileRef = A57506E121CDA2C600C63081 /* GameScene.swift */; };
		A57506E321CDA2C600C63081 /* GameScene.swift in Sources */ = {isa = PBXBuildFile; fileRef = A57506E121CDA2C600C63081 /* GameScene.swift */; };
		A57506EC21CE942700C63081 /* InputController.swift in Sources */ = {isa = PBXBuildFile; fileRef = A57506EA21CE942700C63081 /* InputController.swift */; };
		A57506EE21CE942700C63081 /* GameView.swift in Sources */ = {isa = PBXBuildFile; fileRef = A57506EB21CE942700C63081 /* GameView.swift */; };
		A57F6A3421B8CB42002C0632 /* AppDelegate.swift in Sources */ = {isa = PBXBuildFile; fileRef = A57F6A3321B8CB42002C0632 /* AppDelegate.swift */; };
		A57F6A3621B8CB42002C0632 /* LocalViewController.swift in Sources */ = {isa = PBXBuildFile; fileRef = A57F6A3521B8CB42002C0632 /* LocalViewController.swift */; };
		A57F6A3921B8CB42002C0632 /* Main.storyboard in Resources */ = {isa = PBXBuildFile; fileRef = A57F6A3721B8CB42002C0632 /* Main.storyboard */; };
		A57F6A3B21B8CB43002C0632 /* Assets.xcassets in Resources */ = {isa = PBXBuildFile; fileRef = A57F6A3A21B8CB43002C0632 /* Assets.xcassets */; };
		A57F6A3E21B8CB43002C0632 /* LaunchScreen.storyboard in Resources */ = {isa = PBXBuildFile; fileRef = A57F6A3C21B8CB43002C0632 /* LaunchScreen.storyboard */; };
		A57F6A4A21B8CBA8002C0632 /* AppDelegate.swift in Sources */ = {isa = PBXBuildFile; fileRef = A57F6A4921B8CBA8002C0632 /* AppDelegate.swift */; };
		A57F6A4C21B8CBA8002C0632 /* LocalViewController.swift in Sources */ = {isa = PBXBuildFile; fileRef = A57F6A4B21B8CBA8002C0632 /* LocalViewController.swift */; };
		A57F6A4E21B8CBA8002C0632 /* Assets.xcassets in Resources */ = {isa = PBXBuildFile; fileRef = A57F6A4D21B8CBA8002C0632 /* Assets.xcassets */; };
		A57F6A5121B8CBA8002C0632 /* Main.storyboard in Resources */ = {isa = PBXBuildFile; fileRef = A57F6A4F21B8CBA8002C0632 /* Main.storyboard */; };
		A57F6A5721B8CBD7002C0632 /* Renderer.swift in Sources */ = {isa = PBXBuildFile; fileRef = A57F6A2221B8A1E0002C0632 /* Renderer.swift */; };
		A57F6A5821B8CBD8002C0632 /* Renderer.swift in Sources */ = {isa = PBXBuildFile; fileRef = A57F6A2221B8A1E0002C0632 /* Renderer.swift */; };
		A57F6A5921B8CBDA002C0632 /* Primitive.swift in Sources */ = {isa = PBXBuildFile; fileRef = A57F6A2421B8A3E5002C0632 /* Primitive.swift */; };
		A57F6A5A21B8CBDB002C0632 /* Primitive.swift in Sources */ = {isa = PBXBuildFile; fileRef = A57F6A2421B8A3E5002C0632 /* Primitive.swift */; };
		A57F6A5B21B8CBDF002C0632 /* Shaders.metal in Sources */ = {isa = PBXBuildFile; fileRef = A57F6A2621B8A901002C0632 /* Shaders.metal */; };
		A57F6A5C21B8CBDF002C0632 /* Shaders.metal in Sources */ = {isa = PBXBuildFile; fileRef = A57F6A2621B8A901002C0632 /* Shaders.metal */; };
		A57F6A6321B978E3002C0632 /* MathLibrary.swift in Sources */ = {isa = PBXBuildFile; fileRef = A57F6A6221B978E3002C0632 /* MathLibrary.swift */; };
		A57F6A6421B978E3002C0632 /* MathLibrary.swift in Sources */ = {isa = PBXBuildFile; fileRef = A57F6A6221B978E3002C0632 /* MathLibrary.swift */; };
		A5819C5B21E59CB400E724BE /* young_lightskinned_female_diffuse2.png in Resources */ = {isa = PBXBuildFile; fileRef = A5819C5821E59CB300E724BE /* young_lightskinned_female_diffuse2.png */; };
		A5819C5C21E59CB400E724BE /* young_lightskinned_female_diffuse2.png in Resources */ = {isa = PBXBuildFile; fileRef = A5819C5821E59CB300E724BE /* young_lightskinned_female_diffuse2.png */; };
		A5819C5D21E59CB400E724BE /* firstHuman_rigged_1_working_walk.bin in Resources */ = {isa = PBXBuildFile; fileRef = A5819C5921E59CB400E724BE /* firstHuman_rigged_1_working_walk.bin */; };
		A5819C5E21E59CB400E724BE /* firstHuman_rigged_1_working_walk.bin in Resources */ = {isa = PBXBuildFile; fileRef = A5819C5921E59CB400E724BE /* firstHuman_rigged_1_working_walk.bin */; };
		A5819C5F21E59CB400E724BE /* firstHuman_rigged_1_working_walk.gltf in Resources */ = {isa = PBXBuildFile; fileRef = A5819C5A21E59CB400E724BE /* firstHuman_rigged_1_working_walk.gltf */; };
		A5819C6021E59CB400E724BE /* firstHuman_rigged_1_working_walk.gltf in Resources */ = {isa = PBXBuildFile; fileRef = A5819C5A21E59CB400E724BE /* firstHuman_rigged_1_working_walk.gltf */; };
		A588D83A21CAE1A300652FC2 /* Character.swift in Sources */ = {isa = PBXBuildFile; fileRef = A588D83921CAE1A300652FC2 /* Character.swift */; };
		A588D83B21CAE1A300652FC2 /* Character.swift in Sources */ = {isa = PBXBuildFile; fileRef = A588D83921CAE1A300652FC2 /* Character.swift */; };
		A588D83D21CAEE3300652FC2 /* CharacterShaders.metal in Sources */ = {isa = PBXBuildFile; fileRef = A588D83C21CAEE3300652FC2 /* CharacterShaders.metal */; };
		A588D83E21CAEE3300652FC2 /* CharacterShaders.metal in Sources */ = {isa = PBXBuildFile; fileRef = A588D83C21CAEE3300652FC2 /* CharacterShaders.metal */; };
		A58F1A0421E931E5003F6F1F /* rock2.obj in Resources */ = {isa = PBXBuildFile; fileRef = A58F19FE21E931E5003F6F1F /* rock2.obj */; };
		A58F1A0521E931E5003F6F1F /* rock2.obj in Resources */ = {isa = PBXBuildFile; fileRef = A58F19FE21E931E5003F6F1F /* rock2.obj */; };
		A58F1A0621E931E5003F6F1F /* rock3.obj in Resources */ = {isa = PBXBuildFile; fileRef = A58F19FF21E931E5003F6F1F /* rock3.obj */; };
		A58F1A0721E931E5003F6F1F /* rock3.obj in Resources */ = {isa = PBXBuildFile; fileRef = A58F19FF21E931E5003F6F1F /* rock3.obj */; };
		A58F1A0821E931E5003F6F1F /* rock1.obj in Resources */ = {isa = PBXBuildFile; fileRef = A58F1A0021E931E5003F6F1F /* rock1.obj */; };
		A58F1A0921E931E5003F6F1F /* rock1.obj in Resources */ = {isa = PBXBuildFile; fileRef = A58F1A0021E931E5003F6F1F /* rock1.obj */; };
		A58F1A0A21E931E5003F6F1F /* rock1.mtl in Resources */ = {isa = PBXBuildFile; fileRef = A58F1A0121E931E5003F6F1F /* rock1.mtl */; };
		A58F1A0B21E931E5003F6F1F /* rock1.mtl in Resources */ = {isa = PBXBuildFile; fileRef = A58F1A0121E931E5003F6F1F /* rock1.mtl */; };
		A58F1A0C21E931E5003F6F1F /* rock2.mtl in Resources */ = {isa = PBXBuildFile; fileRef = A58F1A0221E931E5003F6F1F /* rock2.mtl */; };
		A58F1A0D21E931E5003F6F1F /* rock2.mtl in Resources */ = {isa = PBXBuildFile; fileRef = A58F1A0221E931E5003F6F1F /* rock2.mtl */; };
		A58F1A0E21E931E5003F6F1F /* rock3.mtl in Resources */ = {isa = PBXBuildFile; fileRef = A58F1A0321E931E5003F6F1F /* rock3.mtl */; };
		A58F1A0F21E931E5003F6F1F /* rock3.mtl in Resources */ = {isa = PBXBuildFile; fileRef = A58F1A0321E931E5003F6F1F /* rock3.mtl */; };
		A58F1A1121E94112003F6F1F /* MorphShader.metal in Sources */ = {isa = PBXBuildFile; fileRef = A58F1A1021E94112003F6F1F /* MorphShader.metal */; };
		A58F1A1221E94112003F6F1F /* MorphShader.metal in Sources */ = {isa = PBXBuildFile; fileRef = A58F1A1021E94112003F6F1F /* MorphShader.metal */; };
		A59150B62263BA6F008ED280 /* floor_grid.obj in Resources */ = {isa = PBXBuildFile; fileRef = A59150B52263BA6F008ED280 /* floor_grid.obj */; };
		A59150B72263BA6F008ED280 /* floor_grid.obj in Resources */ = {isa = PBXBuildFile; fileRef = A59150B52263BA6F008ED280 /* floor_grid.obj */; };
		A59150B92263BA7E008ED280 /* floor_grid.mtl in Resources */ = {isa = PBXBuildFile; fileRef = A59150B82263BA7E008ED280 /* floor_grid.mtl */; };
		A59150BA2263BA7E008ED280 /* floor_grid.mtl in Resources */ = {isa = PBXBuildFile; fileRef = A59150B82263BA7E008ED280 /* floor_grid.mtl */; };
		A59150BE2263BC8B008ED280 /* pillar.mtl in Resources */ = {isa = PBXBuildFile; fileRef = A59150BC2263BC8B008ED280 /* pillar.mtl */; };
		A59150BF2263BC8B008ED280 /* pillar.mtl in Resources */ = {isa = PBXBuildFile; fileRef = A59150BC2263BC8B008ED280 /* pillar.mtl */; };
		A59150C02263BC8B008ED280 /* pillar.obj in Resources */ = {isa = PBXBuildFile; fileRef = A59150BD2263BC8B008ED280 /* pillar.obj */; };
		A59150C12263BC8B008ED280 /* pillar.obj in Resources */ = {isa = PBXBuildFile; fileRef = A59150BD2263BC8B008ED280 /* pillar.obj */; };
		A59150C32263BFDD008ED280 /* grid_texture.png in Resources */ = {isa = PBXBuildFile; fileRef = A59150C22263BFDD008ED280 /* grid_texture.png */; };
		A59150C42263BFDD008ED280 /* grid_texture.png in Resources */ = {isa = PBXBuildFile; fileRef = A59150C22263BFDD008ED280 /* grid_texture.png */; };
		A59150CC2263C216008ED280 /* tree_tile.mtl in Resources */ = {isa = PBXBuildFile; fileRef = A59150C62263C216008ED280 /* tree_tile.mtl */; };
		A59150CD2263C216008ED280 /* tree_tile.mtl in Resources */ = {isa = PBXBuildFile; fileRef = A59150C62263C216008ED280 /* tree_tile.mtl */; };
		A59150CE2263C216008ED280 /* grass_tile.mtl in Resources */ = {isa = PBXBuildFile; fileRef = A59150C72263C216008ED280 /* grass_tile.mtl */; };
		A59150CF2263C216008ED280 /* grass_tile.mtl in Resources */ = {isa = PBXBuildFile; fileRef = A59150C72263C216008ED280 /* grass_tile.mtl */; };
		A59150D02263C216008ED280 /* grass_tile_long.obj in Resources */ = {isa = PBXBuildFile; fileRef = A59150C82263C216008ED280 /* grass_tile_long.obj */; };
		A59150D12263C216008ED280 /* grass_tile_long.obj in Resources */ = {isa = PBXBuildFile; fileRef = A59150C82263C216008ED280 /* grass_tile_long.obj */; };
		A59150D22263C216008ED280 /* tree_tile.obj in Resources */ = {isa = PBXBuildFile; fileRef = A59150C92263C216008ED280 /* tree_tile.obj */; };
		A59150D32263C216008ED280 /* tree_tile.obj in Resources */ = {isa = PBXBuildFile; fileRef = A59150C92263C216008ED280 /* tree_tile.obj */; };
		A59150D42263C216008ED280 /* grass_tile_long.mtl in Resources */ = {isa = PBXBuildFile; fileRef = A59150CA2263C216008ED280 /* grass_tile_long.mtl */; };
		A59150D52263C216008ED280 /* grass_tile_long.mtl in Resources */ = {isa = PBXBuildFile; fileRef = A59150CA2263C216008ED280 /* grass_tile_long.mtl */; };
		A59150D62263C216008ED280 /* grass_tile.obj in Resources */ = {isa = PBXBuildFile; fileRef = A59150CB2263C216008ED280 /* grass_tile.obj */; };
		A59150D72263C216008ED280 /* grass_tile.obj in Resources */ = {isa = PBXBuildFile; fileRef = A59150CB2263C216008ED280 /* grass_tile.obj */; };
		A5A1CD1821B9EC5D002F6F35 /* Node.swift in Sources */ = {isa = PBXBuildFile; fileRef = A5A1CD1721B9EC5D002F6F35 /* Node.swift */; };
		A5A1CD1921B9EC5D002F6F35 /* Node.swift in Sources */ = {isa = PBXBuildFile; fileRef = A5A1CD1721B9EC5D002F6F35 /* Node.swift */; };
		A5A1CD1B21B9EFEF002F6F35 /* Camera.swift in Sources */ = {isa = PBXBuildFile; fileRef = A5A1CD1A21B9EFEF002F6F35 /* Camera.swift */; };
		A5A1CD1C21B9EFEF002F6F35 /* Camera.swift in Sources */ = {isa = PBXBuildFile; fileRef = A5A1CD1A21B9EFEF002F6F35 /* Camera.swift */; };
		A5A1CD1E21B9F332002F6F35 /* Prop.swift in Sources */ = {isa = PBXBuildFile; fileRef = A5A1CD1D21B9F332002F6F35 /* Prop.swift */; };
		A5A1CD1F21B9F332002F6F35 /* Prop.swift in Sources */ = {isa = PBXBuildFile; fileRef = A5A1CD1D21B9F332002F6F35 /* Prop.swift */; };
		A5A1CD2121B9F718002F6F35 /* Submesh.swift in Sources */ = {isa = PBXBuildFile; fileRef = A5A1CD2021B9F718002F6F35 /* Submesh.swift */; };
		A5A1CD2221B9F718002F6F35 /* Submesh.swift in Sources */ = {isa = PBXBuildFile; fileRef = A5A1CD2021B9F718002F6F35 /* Submesh.swift */; };
		A5A1CD2421BA2833002F6F35 /* ViewController.swift in Sources */ = {isa = PBXBuildFile; fileRef = A5A1CD2321BA2833002F6F35 /* ViewController.swift */; };
		A5A1CD2521BA2833002F6F35 /* ViewController.swift in Sources */ = {isa = PBXBuildFile; fileRef = A5A1CD2321BA2833002F6F35 /* ViewController.swift */; };
		A5A1CD2721BA2880002F6F35 /* ViewControllerExtension.swift in Sources */ = {isa = PBXBuildFile; fileRef = A5A1CD2621BA2880002F6F35 /* ViewControllerExtension.swift */; };
		A5A1CD2921BA2887002F6F35 /* ViewControllerExtension.swift in Sources */ = {isa = PBXBuildFile; fileRef = A5A1CD2821BA2887002F6F35 /* ViewControllerExtension.swift */; };
		A5A1CD3821BA2972002F6F35 /* RendererExtensions.swift in Sources */ = {isa = PBXBuildFile; fileRef = A5A1CD3721BA2972002F6F35 /* RendererExtensions.swift */; };
		A5A1CD3921BA2972002F6F35 /* RendererExtensions.swift in Sources */ = {isa = PBXBuildFile; fileRef = A5A1CD3721BA2972002F6F35 /* RendererExtensions.swift */; };
		A5A4915E226B7AF8000A6BDD /* ponytail01_diffuse.png in Resources */ = {isa = PBXBuildFile; fileRef = A5A49158226B7AF8000A6BDD /* ponytail01_diffuse.png */; };
		A5A4915F226B7AF8000A6BDD /* ponytail01_diffuse.png in Resources */ = {isa = PBXBuildFile; fileRef = A5A49158226B7AF8000A6BDD /* ponytail01_diffuse.png */; };
		A5A49160226B7AF8000A6BDD /* teeth.png in Resources */ = {isa = PBXBuildFile; fileRef = A5A49159226B7AF8000A6BDD /* teeth.png */; };
		A5A49161226B7AF8000A6BDD /* teeth.png in Resources */ = {isa = PBXBuildFile; fileRef = A5A49159226B7AF8000A6BDD /* teeth.png */; };
		A5A49162226B7AF8000A6BDD /* middleage_lightskinned_female_diffuse.png in Resources */ = {isa = PBXBuildFile; fileRef = A5A4915A226B7AF8000A6BDD /* middleage_lightskinned_female_diffuse.png */; };
		A5A49163226B7AF8000A6BDD /* middleage_lightskinned_female_diffuse.png in Resources */ = {isa = PBXBuildFile; fileRef = A5A4915A226B7AF8000A6BDD /* middleage_lightskinned_female_diffuse.png */; };
		A5A49164226B7AF8000A6BDD /* scaled_rigged_character.gltf in Resources */ = {isa = PBXBuildFile; fileRef = A5A4915B226B7AF8000A6BDD /* scaled_rigged_character.gltf */; };
		A5A49165226B7AF8000A6BDD /* scaled_rigged_character.gltf in Resources */ = {isa = PBXBuildFile; fileRef = A5A4915B226B7AF8000A6BDD /* scaled_rigged_character.gltf */; };
		A5A49166226B7AF8000A6BDD /* scaled_rigged_character.bin in Resources */ = {isa = PBXBuildFile; fileRef = A5A4915C226B7AF8000A6BDD /* scaled_rigged_character.bin */; };
		A5A49167226B7AF8000A6BDD /* scaled_rigged_character.bin in Resources */ = {isa = PBXBuildFile; fileRef = A5A4915C226B7AF8000A6BDD /* scaled_rigged_character.bin */; };
		A5A49168226B7AF8000A6BDD /* brown_eye.png in Resources */ = {isa = PBXBuildFile; fileRef = A5A4915D226B7AF8000A6BDD /* brown_eye.png */; };
		A5A49169226B7AF8000A6BDD /* brown_eye.png in Resources */ = {isa = PBXBuildFile; fileRef = A5A4915D226B7AF8000A6BDD /* brown_eye.png */; };
		A5A9E08E21BC1A1800A6F6BB /* Texturable.swift in Sources */ = {isa = PBXBuildFile; fileRef = A5A9E08D21BC1A1800A6F6BB /* Texturable.swift */; };
		A5A9E08F21BC1A8900A6F6BB /* Texturable.swift in Sources */ = {isa = PBXBuildFile; fileRef = A5A9E08D21BC1A1800A6F6BB /* Texturable.swift */; };
		A5C952C521CE952D00B23364 /* MotionController.swift in Sources */ = {isa = PBXBuildFile; fileRef = A5C952C421CE952D00B23364 /* MotionController.swift */; };
		A5C952C921CEA53000B23364 /* plane.obj in Resources */ = {isa = PBXBuildFile; fileRef = A5C952C621CEA53000B23364 /* plane.obj */; };
		A5C952CA21CEA53000B23364 /* plane.obj in Resources */ = {isa = PBXBuildFile; fileRef = A5C952C621CEA53000B23364 /* plane.obj */; };
		A5C952CB21CEA53000B23364 /* plane.mtl in Resources */ = {isa = PBXBuildFile; fileRef = A5C952C721CEA53000B23364 /* plane.mtl */; };
		A5C952CC21CEA53000B23364 /* plane.mtl in Resources */ = {isa = PBXBuildFile; fileRef = A5C952C721CEA53000B23364 /* plane.mtl */; };
		A5C952CD21CEA53000B23364 /* ground.png in Resources */ = {isa = PBXBuildFile; fileRef = A5C952C821CEA53000B23364 /* ground.png */; };
		A5C952CE21CEA53000B23364 /* ground.png in Resources */ = {isa = PBXBuildFile; fileRef = A5C952C821CEA53000B23364 /* ground.png */; };
		A5CB1E8021EA74F7002CCB94 /* HRN_LMP_CM.bmp in Resources */ = {isa = PBXBuildFile; fileRef = A5CB1E7C21EA74F5002CCB94 /* HRN_LMP_CM.bmp */; };
		A5CB1E8121EA74F7002CCB94 /* HRN_LMP_CM.bmp in Resources */ = {isa = PBXBuildFile; fileRef = A5CB1E7C21EA74F5002CCB94 /* HRN_LMP_CM.bmp */; };
		A5CB1E8221EA74F7002CCB94 /* SA_LD_Medieval_Horn_Lantern.mtl in Resources */ = {isa = PBXBuildFile; fileRef = A5CB1E7D21EA74F6002CCB94 /* SA_LD_Medieval_Horn_Lantern.mtl */; };
		A5CB1E8321EA74F7002CCB94 /* SA_LD_Medieval_Horn_Lantern.mtl in Resources */ = {isa = PBXBuildFile; fileRef = A5CB1E7D21EA74F6002CCB94 /* SA_LD_Medieval_Horn_Lantern.mtl */; };
		A5CB1E8421EA74F7002CCB94 /* SA_LD_Medieval_Horn_Lantern.obj in Resources */ = {isa = PBXBuildFile; fileRef = A5CB1E7E21EA74F6002CCB94 /* SA_LD_Medieval_Horn_Lantern.obj */; };
		A5CB1E8521EA74F7002CCB94 /* SA_LD_Medieval_Horn_Lantern.obj in Resources */ = {isa = PBXBuildFile; fileRef = A5CB1E7E21EA74F6002CCB94 /* SA_LD_Medieval_Horn_Lantern.obj */; };
		A5CB1E8621EA74F7002CCB94 /* HRN_LMP_NM.bmp in Resources */ = {isa = PBXBuildFile; fileRef = A5CB1E7F21EA74F7002CCB94 /* HRN_LMP_NM.bmp */; };
		A5CB1E8721EA74F7002CCB94 /* HRN_LMP_NM.bmp in Resources */ = {isa = PBXBuildFile; fileRef = A5CB1E7F21EA74F7002CCB94 /* HRN_LMP_NM.bmp */; };
		A5CB1E9E21EA848E002CCB94 /* DebugLights.metal in Sources */ = {isa = PBXBuildFile; fileRef = A5CB1E9C21EA848E002CCB94 /* DebugLights.metal */; };
		A5CB1E9F21EA848E002CCB94 /* DebugLights.metal in Sources */ = {isa = PBXBuildFile; fileRef = A5CB1E9C21EA848E002CCB94 /* DebugLights.metal */; };
		A5CB1EA021EA848E002CCB94 /* DebugLights.swift in Sources */ = {isa = PBXBuildFile; fileRef = A5CB1E9D21EA848E002CCB94 /* DebugLights.swift */; };
		A5CB1EA121EA848E002CCB94 /* DebugLights.swift in Sources */ = {isa = PBXBuildFile; fileRef = A5CB1E9D21EA848E002CCB94 /* DebugLights.swift */; };
		A5CBD1BA21E29B3C001D77EF /* animated_ball_texture.bin in Resources */ = {isa = PBXBuildFile; fileRef = A5CBD1B821E29B3C001D77EF /* animated_ball_texture.bin */; };
		A5CBD1BB21E29B3C001D77EF /* animated_ball_texture.bin in Resources */ = {isa = PBXBuildFile; fileRef = A5CBD1B821E29B3C001D77EF /* animated_ball_texture.bin */; };
		A5CBD1BC21E29B3C001D77EF /* animated_ball_texture.gltf in Resources */ = {isa = PBXBuildFile; fileRef = A5CBD1B921E29B3C001D77EF /* animated_ball_texture.gltf */; };
		A5CBD1BD21E29B3C001D77EF /* animated_ball_texture.gltf in Resources */ = {isa = PBXBuildFile; fileRef = A5CBD1B921E29B3C001D77EF /* animated_ball_texture.gltf */; };
		A5F08F3D21FCC7A0007E276F /* Shadow.metal in Sources */ = {isa = PBXBuildFile; fileRef = A5F08F3C21FCC7A0007E276F /* Shadow.metal */; };
		A5F08F3E21FCC7A0007E276F /* Shadow.metal in Sources */ = {isa = PBXBuildFile; fileRef = A5F08F3C21FCC7A0007E276F /* Shadow.metal */; };
		A5F6ABB421CF292E0027D425 /* Notes in Resources */ = {isa = PBXBuildFile; fileRef = A5F6ABB321CF292D0027D425 /* Notes */; };
/* End PBXBuildFile section */

/* Begin PBXCopyFilesBuildPhase section */
		A588D8E921CAFE4600652FC2 /* Embed Frameworks */ = {
			isa = PBXCopyFilesBuildPhase;
			buildActionMask = 2147483647;
			dstPath = "";
			dstSubfolderSpec = 10;
			files = (
			);
			name = "Embed Frameworks";
			runOnlyForDeploymentPostprocessing = 0;
		};
		A588D8EE21CAFE4C00652FC2 /* Embed Frameworks */ = {
			isa = PBXCopyFilesBuildPhase;
			buildActionMask = 2147483647;
			dstPath = "";
			dstSubfolderSpec = 10;
			files = (
			);
			name = "Embed Frameworks";
			runOnlyForDeploymentPostprocessing = 0;
		};
/* End PBXCopyFilesBuildPhase section */

/* Begin PBXFileReference section */
		02316EF422FF2943000DA34B /* Boy_UpperBody_diffuse.png */ = {isa = PBXFileReference; lastKnownFileType = image.png; name = Boy_UpperBody_diffuse.png; path = BoyWalking/Boy_UpperBody_diffuse.png; sourceTree = SOURCE_ROOT; };
		02316EF522FF2943000DA34B /* boy_walking.gltf */ = {isa = PBXFileReference; fileEncoding = 4; lastKnownFileType = text; name = boy_walking.gltf; path = BoyWalking/boy_walking.gltf; sourceTree = SOURCE_ROOT; };
		02316EF622FF2943000DA34B /* Boy_Hair_diffuse.png */ = {isa = PBXFileReference; lastKnownFileType = image.png; name = Boy_Hair_diffuse.png; path = BoyWalking/Boy_Hair_diffuse.png; sourceTree = SOURCE_ROOT; };
		02316EF722FF2943000DA34B /* boy_walking.bin */ = {isa = PBXFileReference; lastKnownFileType = archive.macbinary; name = boy_walking.bin; path = BoyWalking/boy_walking.bin; sourceTree = SOURCE_ROOT; };
		02316EF822FF2943000DA34B /* Boy_Scarf_diffuse.png */ = {isa = PBXFileReference; lastKnownFileType = image.png; name = Boy_Scarf_diffuse.png; path = BoyWalking/Boy_Scarf_diffuse.png; sourceTree = SOURCE_ROOT; };
		02316EF922FF2943000DA34B /* Boy_Hands_diffuse.png */ = {isa = PBXFileReference; lastKnownFileType = image.png; name = Boy_Hands_diffuse.png; path = BoyWalking/Boy_Hands_diffuse.png; sourceTree = SOURCE_ROOT; };
		02316EFA22FF2943000DA34B /* Boy_Shoes_diffuse.png */ = {isa = PBXFileReference; lastKnownFileType = image.png; name = Boy_Shoes_diffuse.png; path = BoyWalking/Boy_Shoes_diffuse.png; sourceTree = SOURCE_ROOT; };
		02316EFB22FF2943000DA34B /* Boy_Head_diffuse.png */ = {isa = PBXFileReference; lastKnownFileType = image.png; name = Boy_Head_diffuse.png; path = BoyWalking/Boy_Head_diffuse.png; sourceTree = SOURCE_ROOT; };
		02316EFC22FF2943000DA34B /* Boy_LowerBody_diffuse.png */ = {isa = PBXFileReference; lastKnownFileType = image.png; name = Boy_LowerBody_diffuse.png; path = BoyWalking/Boy_LowerBody_diffuse.png; sourceTree = SOURCE_ROOT; };
		0284473722C02DFB00A4E479 /* Water.swift */ = {isa = PBXFileReference; lastKnownFileType = sourcecode.swift; path = Water.swift; sourceTree = "<group>"; };
		0284473A22C0377500A4E479 /* Water.metal */ = {isa = PBXFileReference; lastKnownFileType = sourcecode.metal; path = Water.metal; sourceTree = "<group>"; };
		0284473D22C0455C00A4E479 /* normal-water.png */ = {isa = PBXFileReference; lastKnownFileType = image.png; path = "normal-water.png"; sourceTree = "<group>"; };
		0284474022C04EE500A4E479 /* RenderPass.swift */ = {isa = PBXFileReference; fileEncoding = 4; lastKnownFileType = sourcecode.swift; path = RenderPass.swift; sourceTree = "<group>"; };
		A539CE7B21E29C0A004FD174 /* chipped_paint_texture.jpg */ = {isa = PBXFileReference; lastKnownFileType = image.jpeg; path = chipped_paint_texture.jpg; sourceTree = "<group>"; };
		A551AE0721C9A4E700FA207B /* Animation.swift */ = {isa = PBXFileReference; lastKnownFileType = sourcecode.swift; path = Animation.swift; sourceTree = "<group>"; };
		A563DF1121E6EBBE00563EA9 /* Skybox.swift */ = {isa = PBXFileReference; lastKnownFileType = sourcecode.swift; path = Skybox.swift; sourceTree = "<group>"; };
		A563DF1421E7999F00563EA9 /* Skybox.metal */ = {isa = PBXFileReference; lastKnownFileType = sourcecode.metal; path = Skybox.metal; sourceTree = "<group>"; };
		A563DF1B21E8035200563EA9 /* Transform.swift */ = {isa = PBXFileReference; lastKnownFileType = sourcecode.swift; path = Transform.swift; sourceTree = "<group>"; };
		A56ACB5321C728750069962B /* Textures.xcassets */ = {isa = PBXFileReference; lastKnownFileType = folder.assetcatalog; path = Textures.xcassets; sourceTree = "<group>"; };
		A575069C21CD63E100C63081 /* InputController.swift */ = {isa = PBXFileReference; fileEncoding = 4; lastKnownFileType = sourcecode.swift; path = InputController.swift; sourceTree = "<group>"; };
		A575069D21CD63E200C63081 /* PhysicsController.swift */ = {isa = PBXFileReference; fileEncoding = 4; lastKnownFileType = sourcecode.swift; path = PhysicsController.swift; sourceTree = "<group>"; };
		A57506A221CD641300C63081 /* GameView.swift */ = {isa = PBXFileReference; fileEncoding = 4; lastKnownFileType = sourcecode.swift; path = GameView.swift; sourceTree = "<group>"; };
		A57506A821CD646900C63081 /* large-plane.mtl */ = {isa = PBXFileReference; fileEncoding = 4; lastKnownFileType = text; path = "large-plane.mtl"; sourceTree = "<group>"; };
		A57506A921CD646900C63081 /* large-plane.obj */ = {isa = PBXFileReference; fileEncoding = 4; lastKnownFileType = text; path = "large-plane.obj"; sourceTree = "<group>"; };
		A57506AB21CD646900C63081 /* treefir.mtl */ = {isa = PBXFileReference; fileEncoding = 4; lastKnownFileType = text; path = treefir.mtl; sourceTree = "<group>"; };
		A57506AC21CD646900C63081 /* treefir.obj */ = {isa = PBXFileReference; fileEncoding = 4; lastKnownFileType = text; path = treefir.obj; sourceTree = "<group>"; };
		A57506C121CD65A400C63081 /* skeleton.gltf */ = {isa = PBXFileReference; fileEncoding = 4; lastKnownFileType = text; path = skeleton.gltf; sourceTree = "<group>"; };
		A57506C221CD65A400C63081 /* buffer_skeleton.bin */ = {isa = PBXFileReference; lastKnownFileType = archive.macbinary; path = buffer_skeleton.bin; sourceTree = "<group>"; };
		A57506C821CD669700C63081 /* DebugBoundingBox.metal */ = {isa = PBXFileReference; fileEncoding = 4; lastKnownFileType = sourcecode.metal; path = DebugBoundingBox.metal; sourceTree = "<group>"; };
		A57506C921CD669700C63081 /* DebugBoundingBox.swift */ = {isa = PBXFileReference; fileEncoding = 4; lastKnownFileType = sourcecode.swift; path = DebugBoundingBox.swift; sourceTree = "<group>"; };
		A57506CF21CD680E00C63081 /* Renderable.swift */ = {isa = PBXFileReference; lastKnownFileType = sourcecode.swift; path = Renderable.swift; sourceTree = "<group>"; };
		A57506D421CD6C9200C63081 /* GLTFMathLibrary.swift */ = {isa = PBXFileReference; fileEncoding = 4; lastKnownFileType = sourcecode.swift; path = GLTFMathLibrary.swift; sourceTree = "<group>"; };
		A57506D521CD6C9200C63081 /* GLTFAsset.swift */ = {isa = PBXFileReference; fileEncoding = 4; lastKnownFileType = sourcecode.swift; path = GLTFAsset.swift; sourceTree = "<group>"; };
		A57506D621CD6C9200C63081 /* GLTFTypes.swift */ = {isa = PBXFileReference; fileEncoding = 4; lastKnownFileType = sourcecode.swift; path = GLTFTypes.swift; sourceTree = "<group>"; };
		A57506DE21CD970B00C63081 /* Scene.swift */ = {isa = PBXFileReference; lastKnownFileType = sourcecode.swift; path = Scene.swift; sourceTree = "<group>"; };
		A57506E121CDA2C600C63081 /* GameScene.swift */ = {isa = PBXFileReference; lastKnownFileType = sourcecode.swift; path = GameScene.swift; sourceTree = "<group>"; };
		A57506EA21CE942700C63081 /* InputController.swift */ = {isa = PBXFileReference; fileEncoding = 4; lastKnownFileType = sourcecode.swift; path = InputController.swift; sourceTree = "<group>"; };
		A57506EB21CE942700C63081 /* GameView.swift */ = {isa = PBXFileReference; fileEncoding = 4; lastKnownFileType = sourcecode.swift; path = GameView.swift; sourceTree = "<group>"; };
		A57F6A2221B8A1E0002C0632 /* Renderer.swift */ = {isa = PBXFileReference; lastKnownFileType = sourcecode.swift; path = Renderer.swift; sourceTree = "<group>"; };
		A57F6A2421B8A3E5002C0632 /* Primitive.swift */ = {isa = PBXFileReference; lastKnownFileType = sourcecode.swift; path = Primitive.swift; sourceTree = "<group>"; };
		A57F6A2621B8A901002C0632 /* Shaders.metal */ = {isa = PBXFileReference; lastKnownFileType = sourcecode.metal; path = Shaders.metal; sourceTree = "<group>"; };
		A57F6A3121B8CB42002C0632 /* Highlands-iOS.app */ = {isa = PBXFileReference; explicitFileType = wrapper.application; includeInIndex = 0; path = "Highlands-iOS.app"; sourceTree = BUILT_PRODUCTS_DIR; };
		A57F6A3321B8CB42002C0632 /* AppDelegate.swift */ = {isa = PBXFileReference; lastKnownFileType = sourcecode.swift; path = AppDelegate.swift; sourceTree = "<group>"; };
		A57F6A3521B8CB42002C0632 /* LocalViewController.swift */ = {isa = PBXFileReference; lastKnownFileType = sourcecode.swift; path = LocalViewController.swift; sourceTree = "<group>"; };
		A57F6A3821B8CB42002C0632 /* Base */ = {isa = PBXFileReference; lastKnownFileType = file.storyboard; name = Base; path = Base.lproj/Main.storyboard; sourceTree = "<group>"; };
		A57F6A3A21B8CB43002C0632 /* Assets.xcassets */ = {isa = PBXFileReference; lastKnownFileType = folder.assetcatalog; path = Assets.xcassets; sourceTree = "<group>"; };
		A57F6A3D21B8CB43002C0632 /* Base */ = {isa = PBXFileReference; lastKnownFileType = file.storyboard; name = Base; path = Base.lproj/LaunchScreen.storyboard; sourceTree = "<group>"; };
		A57F6A3F21B8CB43002C0632 /* Info.plist */ = {isa = PBXFileReference; lastKnownFileType = text.plist.xml; path = Info.plist; sourceTree = "<group>"; };
		A57F6A4721B8CBA8002C0632 /* Highlands-macOS.app */ = {isa = PBXFileReference; explicitFileType = wrapper.application; includeInIndex = 0; path = "Highlands-macOS.app"; sourceTree = BUILT_PRODUCTS_DIR; };
		A57F6A4921B8CBA8002C0632 /* AppDelegate.swift */ = {isa = PBXFileReference; lastKnownFileType = sourcecode.swift; path = AppDelegate.swift; sourceTree = "<group>"; };
		A57F6A4B21B8CBA8002C0632 /* LocalViewController.swift */ = {isa = PBXFileReference; lastKnownFileType = sourcecode.swift; path = LocalViewController.swift; sourceTree = "<group>"; };
		A57F6A4D21B8CBA8002C0632 /* Assets.xcassets */ = {isa = PBXFileReference; lastKnownFileType = folder.assetcatalog; path = Assets.xcassets; sourceTree = "<group>"; };
		A57F6A5021B8CBA8002C0632 /* Base */ = {isa = PBXFileReference; lastKnownFileType = file.storyboard; name = Base; path = Base.lproj/Main.storyboard; sourceTree = "<group>"; };
		A57F6A5221B8CBA8002C0632 /* Info.plist */ = {isa = PBXFileReference; lastKnownFileType = text.plist.xml; path = Info.plist; sourceTree = "<group>"; };
		A57F6A5321B8CBA8002C0632 /* Highlands_macOS.entitlements */ = {isa = PBXFileReference; lastKnownFileType = text.plist.entitlements; path = Highlands_macOS.entitlements; sourceTree = "<group>"; };
		A57F6A6221B978E3002C0632 /* MathLibrary.swift */ = {isa = PBXFileReference; fileEncoding = 4; lastKnownFileType = sourcecode.swift; path = MathLibrary.swift; sourceTree = "<group>"; };
		A57F6A6521B9795D002C0632 /* Common.h */ = {isa = PBXFileReference; lastKnownFileType = sourcecode.c.h; path = Common.h; sourceTree = "<group>"; };
		A5819C5821E59CB300E724BE /* young_lightskinned_female_diffuse2.png */ = {isa = PBXFileReference; lastKnownFileType = image.png; path = young_lightskinned_female_diffuse2.png; sourceTree = "<group>"; };
		A5819C5921E59CB400E724BE /* firstHuman_rigged_1_working_walk.bin */ = {isa = PBXFileReference; lastKnownFileType = archive.macbinary; path = firstHuman_rigged_1_working_walk.bin; sourceTree = "<group>"; };
		A5819C5A21E59CB400E724BE /* firstHuman_rigged_1_working_walk.gltf */ = {isa = PBXFileReference; fileEncoding = 4; lastKnownFileType = text; path = firstHuman_rigged_1_working_walk.gltf; sourceTree = "<group>"; };
		A588D83921CAE1A300652FC2 /* Character.swift */ = {isa = PBXFileReference; lastKnownFileType = sourcecode.swift; path = Character.swift; sourceTree = "<group>"; };
		A588D83C21CAEE3300652FC2 /* CharacterShaders.metal */ = {isa = PBXFileReference; fileEncoding = 4; lastKnownFileType = sourcecode.metal; path = CharacterShaders.metal; sourceTree = "<group>"; };
		A58F19FE21E931E5003F6F1F /* rock2.obj */ = {isa = PBXFileReference; fileEncoding = 4; lastKnownFileType = text; path = rock2.obj; sourceTree = "<group>"; };
		A58F19FF21E931E5003F6F1F /* rock3.obj */ = {isa = PBXFileReference; fileEncoding = 4; lastKnownFileType = text; path = rock3.obj; sourceTree = "<group>"; };
		A58F1A0021E931E5003F6F1F /* rock1.obj */ = {isa = PBXFileReference; fileEncoding = 4; lastKnownFileType = text; path = rock1.obj; sourceTree = "<group>"; };
		A58F1A0121E931E5003F6F1F /* rock1.mtl */ = {isa = PBXFileReference; fileEncoding = 4; lastKnownFileType = text; path = rock1.mtl; sourceTree = "<group>"; };
		A58F1A0221E931E5003F6F1F /* rock2.mtl */ = {isa = PBXFileReference; fileEncoding = 4; lastKnownFileType = text; path = rock2.mtl; sourceTree = "<group>"; };
		A58F1A0321E931E5003F6F1F /* rock3.mtl */ = {isa = PBXFileReference; fileEncoding = 4; lastKnownFileType = text; path = rock3.mtl; sourceTree = "<group>"; };
		A58F1A1021E94112003F6F1F /* MorphShader.metal */ = {isa = PBXFileReference; lastKnownFileType = sourcecode.metal; path = MorphShader.metal; sourceTree = "<group>"; };
		A59150B52263BA6F008ED280 /* floor_grid.obj */ = {isa = PBXFileReference; fileEncoding = 4; lastKnownFileType = text; path = floor_grid.obj; sourceTree = SOURCE_ROOT; };
		A59150B82263BA7E008ED280 /* floor_grid.mtl */ = {isa = PBXFileReference; fileEncoding = 4; lastKnownFileType = text; path = floor_grid.mtl; sourceTree = SOURCE_ROOT; };
		A59150BC2263BC8B008ED280 /* pillar.mtl */ = {isa = PBXFileReference; fileEncoding = 4; lastKnownFileType = text; path = pillar.mtl; sourceTree = SOURCE_ROOT; };
		A59150BD2263BC8B008ED280 /* pillar.obj */ = {isa = PBXFileReference; fileEncoding = 4; lastKnownFileType = text; path = pillar.obj; sourceTree = SOURCE_ROOT; };
		A59150C22263BFDD008ED280 /* grid_texture.png */ = {isa = PBXFileReference; lastKnownFileType = image.png; path = grid_texture.png; sourceTree = SOURCE_ROOT; };
		A59150C62263C216008ED280 /* tree_tile.mtl */ = {isa = PBXFileReference; fileEncoding = 4; lastKnownFileType = text; path = tree_tile.mtl; sourceTree = SOURCE_ROOT; };
		A59150C72263C216008ED280 /* grass_tile.mtl */ = {isa = PBXFileReference; fileEncoding = 4; lastKnownFileType = text; path = grass_tile.mtl; sourceTree = SOURCE_ROOT; };
		A59150C82263C216008ED280 /* grass_tile_long.obj */ = {isa = PBXFileReference; fileEncoding = 4; lastKnownFileType = text; path = grass_tile_long.obj; sourceTree = SOURCE_ROOT; };
		A59150C92263C216008ED280 /* tree_tile.obj */ = {isa = PBXFileReference; fileEncoding = 4; lastKnownFileType = text; path = tree_tile.obj; sourceTree = SOURCE_ROOT; };
		A59150CA2263C216008ED280 /* grass_tile_long.mtl */ = {isa = PBXFileReference; fileEncoding = 4; lastKnownFileType = text; path = grass_tile_long.mtl; sourceTree = SOURCE_ROOT; };
		A59150CB2263C216008ED280 /* grass_tile.obj */ = {isa = PBXFileReference; fileEncoding = 4; lastKnownFileType = text; path = grass_tile.obj; sourceTree = SOURCE_ROOT; };
		A5A1CD1721B9EC5D002F6F35 /* Node.swift */ = {isa = PBXFileReference; lastKnownFileType = sourcecode.swift; path = Node.swift; sourceTree = "<group>"; };
		A5A1CD1A21B9EFEF002F6F35 /* Camera.swift */ = {isa = PBXFileReference; lastKnownFileType = sourcecode.swift; path = Camera.swift; sourceTree = "<group>"; };
		A5A1CD1D21B9F332002F6F35 /* Prop.swift */ = {isa = PBXFileReference; lastKnownFileType = sourcecode.swift; path = Prop.swift; sourceTree = "<group>"; };
		A5A1CD2021B9F718002F6F35 /* Submesh.swift */ = {isa = PBXFileReference; lastKnownFileType = sourcecode.swift; path = Submesh.swift; sourceTree = "<group>"; };
		A5A1CD2321BA2833002F6F35 /* ViewController.swift */ = {isa = PBXFileReference; lastKnownFileType = sourcecode.swift; path = ViewController.swift; sourceTree = "<group>"; };
		A5A1CD2621BA2880002F6F35 /* ViewControllerExtension.swift */ = {isa = PBXFileReference; fileEncoding = 4; lastKnownFileType = sourcecode.swift; path = ViewControllerExtension.swift; sourceTree = "<group>"; };
		A5A1CD2821BA2887002F6F35 /* ViewControllerExtension.swift */ = {isa = PBXFileReference; fileEncoding = 4; lastKnownFileType = sourcecode.swift; path = ViewControllerExtension.swift; sourceTree = "<group>"; };
		A5A1CD3721BA2972002F6F35 /* RendererExtensions.swift */ = {isa = PBXFileReference; lastKnownFileType = sourcecode.swift; path = RendererExtensions.swift; sourceTree = "<group>"; };
		A5A49158226B7AF8000A6BDD /* ponytail01_diffuse.png */ = {isa = PBXFileReference; lastKnownFileType = image.png; name = ponytail01_diffuse.png; path = MHFile/textures/ponytail01_diffuse.png; sourceTree = SOURCE_ROOT; };
		A5A49159226B7AF8000A6BDD /* teeth.png */ = {isa = PBXFileReference; lastKnownFileType = image.png; name = teeth.png; path = MHFile/textures/teeth.png; sourceTree = SOURCE_ROOT; };
		A5A4915A226B7AF8000A6BDD /* middleage_lightskinned_female_diffuse.png */ = {isa = PBXFileReference; lastKnownFileType = image.png; name = middleage_lightskinned_female_diffuse.png; path = MHFile/textures/middleage_lightskinned_female_diffuse.png; sourceTree = SOURCE_ROOT; };
		A5A4915B226B7AF8000A6BDD /* scaled_rigged_character.gltf */ = {isa = PBXFileReference; fileEncoding = 4; lastKnownFileType = text; path = scaled_rigged_character.gltf; sourceTree = SOURCE_ROOT; };
		A5A4915C226B7AF8000A6BDD /* scaled_rigged_character.bin */ = {isa = PBXFileReference; lastKnownFileType = archive.macbinary; path = scaled_rigged_character.bin; sourceTree = SOURCE_ROOT; };
		A5A4915D226B7AF8000A6BDD /* brown_eye.png */ = {isa = PBXFileReference; lastKnownFileType = image.png; name = brown_eye.png; path = MHFile/textures/brown_eye.png; sourceTree = SOURCE_ROOT; };
		A5A9E08D21BC1A1800A6F6BB /* Texturable.swift */ = {isa = PBXFileReference; lastKnownFileType = sourcecode.swift; path = Texturable.swift; sourceTree = "<group>"; };
		A5C952C421CE952D00B23364 /* MotionController.swift */ = {isa = PBXFileReference; fileEncoding = 4; lastKnownFileType = sourcecode.swift; path = MotionController.swift; sourceTree = "<group>"; };
		A5C952C621CEA53000B23364 /* plane.obj */ = {isa = PBXFileReference; fileEncoding = 4; lastKnownFileType = text; path = plane.obj; sourceTree = "<group>"; };
		A5C952C721CEA53000B23364 /* plane.mtl */ = {isa = PBXFileReference; fileEncoding = 4; lastKnownFileType = text; path = plane.mtl; sourceTree = "<group>"; };
		A5C952C821CEA53000B23364 /* ground.png */ = {isa = PBXFileReference; lastKnownFileType = image.png; path = ground.png; sourceTree = "<group>"; };
		A5CB1E7C21EA74F5002CCB94 /* HRN_LMP_CM.bmp */ = {isa = PBXFileReference; lastKnownFileType = image.bmp; path = HRN_LMP_CM.bmp; sourceTree = "<group>"; };
		A5CB1E7D21EA74F6002CCB94 /* SA_LD_Medieval_Horn_Lantern.mtl */ = {isa = PBXFileReference; fileEncoding = 4; lastKnownFileType = text; path = SA_LD_Medieval_Horn_Lantern.mtl; sourceTree = "<group>"; };
		A5CB1E7E21EA74F6002CCB94 /* SA_LD_Medieval_Horn_Lantern.obj */ = {isa = PBXFileReference; fileEncoding = 4; lastKnownFileType = text; path = SA_LD_Medieval_Horn_Lantern.obj; sourceTree = "<group>"; };
		A5CB1E7F21EA74F7002CCB94 /* HRN_LMP_NM.bmp */ = {isa = PBXFileReference; lastKnownFileType = image.bmp; path = HRN_LMP_NM.bmp; sourceTree = "<group>"; };
		A5CB1E9C21EA848E002CCB94 /* DebugLights.metal */ = {isa = PBXFileReference; fileEncoding = 4; lastKnownFileType = sourcecode.metal; path = DebugLights.metal; sourceTree = "<group>"; };
		A5CB1E9D21EA848E002CCB94 /* DebugLights.swift */ = {isa = PBXFileReference; fileEncoding = 4; lastKnownFileType = sourcecode.swift; path = DebugLights.swift; sourceTree = "<group>"; };
		A5CBD1B821E29B3C001D77EF /* animated_ball_texture.bin */ = {isa = PBXFileReference; lastKnownFileType = archive.macbinary; path = animated_ball_texture.bin; sourceTree = "<group>"; };
		A5CBD1B921E29B3C001D77EF /* animated_ball_texture.gltf */ = {isa = PBXFileReference; fileEncoding = 4; lastKnownFileType = text; path = animated_ball_texture.gltf; sourceTree = "<group>"; };
		A5F08F3C21FCC7A0007E276F /* Shadow.metal */ = {isa = PBXFileReference; lastKnownFileType = sourcecode.metal; path = Shadow.metal; sourceTree = "<group>"; };
		A5F6ABB321CF292D0027D425 /* Notes */ = {isa = PBXFileReference; lastKnownFileType = text; path = Notes; sourceTree = "<group>"; };
/* End PBXFileReference section */

/* Begin PBXFrameworksBuildPhase section */
		A57F6A2E21B8CB42002C0632 /* Frameworks */ = {
			isa = PBXFrameworksBuildPhase;
			buildActionMask = 2147483647;
			files = (
			);
			runOnlyForDeploymentPostprocessing = 0;
		};
		A57F6A4421B8CBA8002C0632 /* Frameworks */ = {
			isa = PBXFrameworksBuildPhase;
			buildActionMask = 2147483647;
			files = (
			);
			runOnlyForDeploymentPostprocessing = 0;
		};
/* End PBXFrameworksBuildPhase section */

/* Begin PBXGroup section */
		02295EC022DB8BAE00A1C90D /* boy */ = {
			isa = PBXGroup;
			children = (
				02316EF622FF2943000DA34B /* Boy_Hair_diffuse.png */,
				02316EF922FF2943000DA34B /* Boy_Hands_diffuse.png */,
				02316EFB22FF2943000DA34B /* Boy_Head_diffuse.png */,
				02316EFC22FF2943000DA34B /* Boy_LowerBody_diffuse.png */,
				02316EF822FF2943000DA34B /* Boy_Scarf_diffuse.png */,
				02316EFA22FF2943000DA34B /* Boy_Shoes_diffuse.png */,
				02316EF422FF2943000DA34B /* Boy_UpperBody_diffuse.png */,
				02316EF722FF2943000DA34B /* boy_walking.bin */,
				02316EF522FF2943000DA34B /* boy_walking.gltf */,
			);
			path = boy;
			sourceTree = "<group>";
		};
		A539CEE021E2DA40004FD174 /* Human */ = {
			isa = PBXGroup;
			children = (
				A5A4915D226B7AF8000A6BDD /* brown_eye.png */,
				A5A4915A226B7AF8000A6BDD /* middleage_lightskinned_female_diffuse.png */,
				A5A49158226B7AF8000A6BDD /* ponytail01_diffuse.png */,
				A5A4915C226B7AF8000A6BDD /* scaled_rigged_character.bin */,
				A5A4915B226B7AF8000A6BDD /* scaled_rigged_character.gltf */,
				A5A49159226B7AF8000A6BDD /* teeth.png */,
				A5819C5921E59CB400E724BE /* firstHuman_rigged_1_working_walk.bin */,
				A5819C5A21E59CB400E724BE /* firstHuman_rigged_1_working_walk.gltf */,
				A5819C5821E59CB300E724BE /* young_lightskinned_female_diffuse2.png */,
			);
			path = Human;
			sourceTree = "<group>";
		};
		A551ADFE21C997C000FA207B /* Characters */ = {
			isa = PBXGroup;
			children = (
				02295EC022DB8BAE00A1C90D /* boy */,
				A539CEE021E2DA40004FD174 /* Human */,
				A5CBD16321E27FC0001D77EF /* Door */,
				A55EFC4921D9725A008DAD22 /* Claire */,
				A57506C021CD65A400C63081 /* Skeleton */,
			);
			path = Characters;
			sourceTree = "<group>";
		};
		A551AE0621C997C600FA207B /* Props */ = {
			isa = PBXGroup;
			children = (
				0284473D22C0455C00A4E479 /* normal-water.png */,
				A59150C52263C202008ED280 /* garden */,
				A59150BB2263BC7C008ED280 /* Pillar */,
				A59150B42263BA59008ED280 /* Grid */,
				A58F19FD21E931E5003F6F1F /* Rocks */,
				A5F2916A21CEDFB000FF57A5 /* SA_LD_Medieval_Horn_Lantern_OBJ */,
				A57506A721CD646900C63081 /* Ground */,
				A57506AA21CD646900C63081 /* Tree */,
			);
			path = Props;
			sourceTree = "<group>";
		};
		A55EFC4921D9725A008DAD22 /* Claire */ = {
			isa = PBXGroup;
			children = (
			);
			path = Claire;
			sourceTree = "<group>";
		};
		A563DF1021E6EB9E00563EA9 /* Skybox */ = {
			isa = PBXGroup;
			children = (
				A563DF1121E6EBBE00563EA9 /* Skybox.swift */,
			);
			path = Skybox;
			sourceTree = "<group>";
		};
		A56ACB3A21C727970069962B /* Models */ = {
			isa = PBXGroup;
			children = (
				A563DF1021E6EB9E00563EA9 /* Skybox */,
				A551AE0621C997C600FA207B /* Props */,
				A551ADFE21C997C000FA207B /* Characters */,
			);
			path = Models;
			sourceTree = "<group>";
		};
		A57506A721CD646900C63081 /* Ground */ = {
			isa = PBXGroup;
			children = (
				A5C952C821CEA53000B23364 /* ground.png */,
				A5C952C721CEA53000B23364 /* plane.mtl */,
				A5C952C621CEA53000B23364 /* plane.obj */,
				A57506A821CD646900C63081 /* large-plane.mtl */,
				A57506A921CD646900C63081 /* large-plane.obj */,
			);
			path = Ground;
			sourceTree = "<group>";
		};
		A57506AA21CD646900C63081 /* Tree */ = {
			isa = PBXGroup;
			children = (
				A57506AB21CD646900C63081 /* treefir.mtl */,
				A57506AC21CD646900C63081 /* treefir.obj */,
			);
			path = Tree;
			sourceTree = "<group>";
		};
		A57506C021CD65A400C63081 /* Skeleton */ = {
			isa = PBXGroup;
			children = (
				A57506C121CD65A400C63081 /* skeleton.gltf */,
				A57506C221CD65A400C63081 /* buffer_skeleton.bin */,
			);
			path = Skeleton;
			sourceTree = "<group>";
		};
		A57506C721CD669700C63081 /* Debug */ = {
			isa = PBXGroup;
			children = (
				A5CB1E9D21EA848E002CCB94 /* DebugLights.swift */,
				A57506C921CD669700C63081 /* DebugBoundingBox.swift */,
			);
			path = Debug;
			sourceTree = "<group>";
		};
		A57506CE21CD671A00C63081 /* Shaders */ = {
			isa = PBXGroup;
			children = (
				A5CB1E9C21EA848E002CCB94 /* DebugLights.metal */,
				A588D83C21CAEE3300652FC2 /* CharacterShaders.metal */,
				A57506C821CD669700C63081 /* DebugBoundingBox.metal */,
				A57F6A2621B8A901002C0632 /* Shaders.metal */,
				A57F6A6521B9795D002C0632 /* Common.h */,
				A563DF1421E7999F00563EA9 /* Skybox.metal */,
				A58F1A1021E94112003F6F1F /* MorphShader.metal */,
				A5F08F3C21FCC7A0007E276F /* Shadow.metal */,
				0284473A22C0377500A4E479 /* Water.metal */,
			);
			path = Shaders;
			sourceTree = "<group>";
		};
		A57506D321CD6C9200C63081 /* glTF Importer */ = {
			isa = PBXGroup;
			children = (
				A57506D421CD6C9200C63081 /* GLTFMathLibrary.swift */,
				A57506D521CD6C9200C63081 /* GLTFAsset.swift */,
				A57506D621CD6C9200C63081 /* GLTFTypes.swift */,
			);
			name = "glTF Importer";
			path = "Common/glTF Importer";
			sourceTree = SOURCE_ROOT;
		};
		A57506DD21CD96FF00C63081 /* Scenes */ = {
			isa = PBXGroup;
			children = (
				A57506DE21CD970B00C63081 /* Scene.swift */,
				A57506E121CDA2C600C63081 /* GameScene.swift */,
			);
			path = Scenes;
			sourceTree = "<group>";
		};
		A57F6A0521B8A145002C0632 = {
			isa = PBXGroup;
			children = (
				A57F6A2121B8A1CC002C0632 /* Common */,
				A57F6A3221B8CB42002C0632 /* Highlands-iOS */,
				A57F6A4821B8CBA8002C0632 /* Highlands-macOS */,
				A57F6A0F21B8A145002C0632 /* Products */,
			);
			sourceTree = "<group>";
		};
		A57F6A0F21B8A145002C0632 /* Products */ = {
			isa = PBXGroup;
			children = (
				A57F6A3121B8CB42002C0632 /* Highlands-iOS.app */,
				A57F6A4721B8CBA8002C0632 /* Highlands-macOS.app */,
			);
			name = Products;
			sourceTree = "<group>";
		};
		A57F6A2121B8A1CC002C0632 /* Common */ = {
			isa = PBXGroup;
			children = (
				A57506DD21CD96FF00C63081 /* Scenes */,
				A57506CE21CD671A00C63081 /* Shaders */,
				A56ACB5321C728750069962B /* Textures.xcassets */,
				A56ACB3A21C727970069962B /* Models */,
				A5A9E08C21BC1A0C00A6F6BB /* Protocols */,
				A5A1CD3621BA2962002F6F35 /* Extensions */,
				A57F6A6121B978E3002C0632 /* Utility */,
				A57F6A2221B8A1E0002C0632 /* Renderer.swift */,
				A57F6A2421B8A3E5002C0632 /* Primitive.swift */,
				A5A1CD1721B9EC5D002F6F35 /* Node.swift */,
				A5A1CD1A21B9EFEF002F6F35 /* Camera.swift */,
				A5A1CD1D21B9F332002F6F35 /* Prop.swift */,
				A5A1CD2021B9F718002F6F35 /* Submesh.swift */,
				A5A1CD2321BA2833002F6F35 /* ViewController.swift */,
				A551AE0721C9A4E700FA207B /* Animation.swift */,
				A588D83921CAE1A300652FC2 /* Character.swift */,
				A57506CF21CD680E00C63081 /* Renderable.swift */,
				A5F6ABB321CF292D0027D425 /* Notes */,
				A563DF1B21E8035200563EA9 /* Transform.swift */,
				0284473722C02DFB00A4E479 /* Water.swift */,
			);
			path = Common;
			sourceTree = "<group>";
		};
		A57F6A3221B8CB42002C0632 /* Highlands-iOS */ = {
			isa = PBXGroup;
			children = (
				A5C952C421CE952D00B23364 /* MotionController.swift */,
				A57506EB21CE942700C63081 /* GameView.swift */,
				A57506EA21CE942700C63081 /* InputController.swift */,
				A5A1CD2821BA2887002F6F35 /* ViewControllerExtension.swift */,
				A57F6A3321B8CB42002C0632 /* AppDelegate.swift */,
				A57F6A3521B8CB42002C0632 /* LocalViewController.swift */,
				A57F6A3721B8CB42002C0632 /* Main.storyboard */,
				A57F6A3A21B8CB43002C0632 /* Assets.xcassets */,
				A57F6A3C21B8CB43002C0632 /* LaunchScreen.storyboard */,
				A57F6A3F21B8CB43002C0632 /* Info.plist */,
			);
			path = "Highlands-iOS";
			sourceTree = "<group>";
		};
		A57F6A4821B8CBA8002C0632 /* Highlands-macOS */ = {
			isa = PBXGroup;
			children = (
				A575069C21CD63E100C63081 /* InputController.swift */,
				A57506A221CD641300C63081 /* GameView.swift */,
				A5A1CD2621BA2880002F6F35 /* ViewControllerExtension.swift */,
				A57F6A4921B8CBA8002C0632 /* AppDelegate.swift */,
				A57F6A4B21B8CBA8002C0632 /* LocalViewController.swift */,
				A57F6A4D21B8CBA8002C0632 /* Assets.xcassets */,
				A57F6A4F21B8CBA8002C0632 /* Main.storyboard */,
				A57F6A5221B8CBA8002C0632 /* Info.plist */,
				A57F6A5321B8CBA8002C0632 /* Highlands_macOS.entitlements */,
			);
			path = "Highlands-macOS";
			sourceTree = "<group>";
		};
		A57F6A6121B978E3002C0632 /* Utility */ = {
			isa = PBXGroup;
			children = (
				0284474022C04EE500A4E479 /* RenderPass.swift */,
				A57506D321CD6C9200C63081 /* glTF Importer */,
				A57506C721CD669700C63081 /* Debug */,
				A575069D21CD63E200C63081 /* PhysicsController.swift */,
				A57F6A6221B978E3002C0632 /* MathLibrary.swift */,
			);
			path = Utility;
			sourceTree = "<group>";
		};
		A58F19FD21E931E5003F6F1F /* Rocks */ = {
			isa = PBXGroup;
			children = (
				A58F19FE21E931E5003F6F1F /* rock2.obj */,
				A58F19FF21E931E5003F6F1F /* rock3.obj */,
				A58F1A0021E931E5003F6F1F /* rock1.obj */,
				A58F1A0121E931E5003F6F1F /* rock1.mtl */,
				A58F1A0221E931E5003F6F1F /* rock2.mtl */,
				A58F1A0321E931E5003F6F1F /* rock3.mtl */,
			);
			path = Rocks;
			sourceTree = "<group>";
		};
		A59150B42263BA59008ED280 /* Grid */ = {
			isa = PBXGroup;
			children = (
				A59150C22263BFDD008ED280 /* grid_texture.png */,
				A59150B82263BA7E008ED280 /* floor_grid.mtl */,
				A59150B52263BA6F008ED280 /* floor_grid.obj */,
			);
			path = Grid;
			sourceTree = "<group>";
		};
		A59150BB2263BC7C008ED280 /* Pillar */ = {
			isa = PBXGroup;
			children = (
				A59150BC2263BC8B008ED280 /* pillar.mtl */,
				A59150BD2263BC8B008ED280 /* pillar.obj */,
			);
			path = Pillar;
			sourceTree = "<group>";
		};
		A59150C52263C202008ED280 /* garden */ = {
			isa = PBXGroup;
			children = (
				A59150CA2263C216008ED280 /* grass_tile_long.mtl */,
				A59150C82263C216008ED280 /* grass_tile_long.obj */,
				A59150C72263C216008ED280 /* grass_tile.mtl */,
				A59150CB2263C216008ED280 /* grass_tile.obj */,
				A59150C62263C216008ED280 /* tree_tile.mtl */,
				A59150C92263C216008ED280 /* tree_tile.obj */,
			);
			path = garden;
			sourceTree = "<group>";
		};
		A5A1CD3621BA2962002F6F35 /* Extensions */ = {
			isa = PBXGroup;
			children = (
				A5A1CD3721BA2972002F6F35 /* RendererExtensions.swift */,
			);
			path = Extensions;
			sourceTree = "<group>";
		};
		A5A9E08C21BC1A0C00A6F6BB /* Protocols */ = {
			isa = PBXGroup;
			children = (
				A5A9E08D21BC1A1800A6F6BB /* Texturable.swift */,
			);
			path = Protocols;
			sourceTree = "<group>";
		};
		A5CBD16321E27FC0001D77EF /* Door */ = {
			isa = PBXGroup;
			children = (
				A539CE7B21E29C0A004FD174 /* chipped_paint_texture.jpg */,
				A5CBD1B821E29B3C001D77EF /* animated_ball_texture.bin */,
				A5CBD1B921E29B3C001D77EF /* animated_ball_texture.gltf */,
			);
			path = Door;
			sourceTree = "<group>";
		};
		A5F2916A21CEDFB000FF57A5 /* SA_LD_Medieval_Horn_Lantern_OBJ */ = {
			isa = PBXGroup;
			children = (
				A5CB1E7C21EA74F5002CCB94 /* HRN_LMP_CM.bmp */,
				A5CB1E7F21EA74F7002CCB94 /* HRN_LMP_NM.bmp */,
				A5CB1E7D21EA74F6002CCB94 /* SA_LD_Medieval_Horn_Lantern.mtl */,
				A5CB1E7E21EA74F6002CCB94 /* SA_LD_Medieval_Horn_Lantern.obj */,
			);
			path = SA_LD_Medieval_Horn_Lantern_OBJ;
			sourceTree = "<group>";
		};
/* End PBXGroup section */

/* Begin PBXNativeTarget section */
		A57F6A3021B8CB42002C0632 /* Highlands-iOS */ = {
			isa = PBXNativeTarget;
			buildConfigurationList = A57F6A4021B8CB43002C0632 /* Build configuration list for PBXNativeTarget "Highlands-iOS" */;
			buildPhases = (
				A57F6A2D21B8CB42002C0632 /* Sources */,
				A57F6A2E21B8CB42002C0632 /* Frameworks */,
				A57F6A2F21B8CB42002C0632 /* Resources */,
				A588D8E921CAFE4600652FC2 /* Embed Frameworks */,
			);
			buildRules = (
			);
			dependencies = (
			);
			name = "Highlands-iOS";
			productName = "Highlands-iOS";
			productReference = A57F6A3121B8CB42002C0632 /* Highlands-iOS.app */;
			productType = "com.apple.product-type.application";
		};
		A57F6A4621B8CBA8002C0632 /* Highlands-macOS */ = {
			isa = PBXNativeTarget;
			buildConfigurationList = A57F6A5421B8CBA8002C0632 /* Build configuration list for PBXNativeTarget "Highlands-macOS" */;
			buildPhases = (
				A57F6A4321B8CBA8002C0632 /* Sources */,
				A57F6A4421B8CBA8002C0632 /* Frameworks */,
				A57F6A4521B8CBA8002C0632 /* Resources */,
				A588D8EE21CAFE4C00652FC2 /* Embed Frameworks */,
			);
			buildRules = (
			);
			dependencies = (
			);
			name = "Highlands-macOS";
			productName = "Highlands-macOS";
			productReference = A57F6A4721B8CBA8002C0632 /* Highlands-macOS.app */;
			productType = "com.apple.product-type.application";
		};
/* End PBXNativeTarget section */

/* Begin PBXProject section */
		A57F6A0621B8A145002C0632 /* Project object */ = {
			isa = PBXProject;
			attributes = {
				LastSwiftUpdateCheck = 1010;
				LastUpgradeCheck = 1010;
				ORGANIZATIONNAME = "Scott Mehus";
				TargetAttributes = {
					A57F6A3021B8CB42002C0632 = {
						CreatedOnToolsVersion = 10.1;
					};
					A57F6A4621B8CBA8002C0632 = {
						CreatedOnToolsVersion = 10.1;
					};
				};
			};
			buildConfigurationList = A57F6A0921B8A145002C0632 /* Build configuration list for PBXProject "Highlands" */;
			compatibilityVersion = "Xcode 9.3";
			developmentRegion = en;
			hasScannedForEncodings = 0;
			knownRegions = (
				en,
				Base,
			);
			mainGroup = A57F6A0521B8A145002C0632;
			productRefGroup = A57F6A0F21B8A145002C0632 /* Products */;
			projectDirPath = "";
			projectRoot = "";
			targets = (
				A57F6A3021B8CB42002C0632 /* Highlands-iOS */,
				A57F6A4621B8CBA8002C0632 /* Highlands-macOS */,
			);
		};
/* End PBXProject section */

/* Begin PBXResourcesBuildPhase section */
		A57F6A2F21B8CB42002C0632 /* Resources */ = {
			isa = PBXResourcesBuildPhase;
			buildActionMask = 2147483647;
			files = (
				A57506C521CD65A400C63081 /* buffer_skeleton.bin in Resources */,
				A5CBD1BA21E29B3C001D77EF /* animated_ball_texture.bin in Resources */,
				02316EFD22FF2943000DA34B /* Boy_UpperBody_diffuse.png in Resources */,
				A59150B92263BA7E008ED280 /* floor_grid.mtl in Resources */,
				A59150CC2263C216008ED280 /* tree_tile.mtl in Resources */,
				A5CB1E8421EA74F7002CCB94 /* SA_LD_Medieval_Horn_Lantern.obj in Resources */,
				A57506B821CD646900C63081 /* treefir.mtl in Resources */,
				02316F0B22FF2943000DA34B /* Boy_Head_diffuse.png in Resources */,
				A58F1A0C21E931E5003F6F1F /* rock2.mtl in Resources */,
				A5A49168226B7AF8000A6BDD /* brown_eye.png in Resources */,
				A5819C5D21E59CB400E724BE /* firstHuman_rigged_1_working_walk.bin in Resources */,
				A5C952C921CEA53000B23364 /* plane.obj in Resources */,
				A5CB1E8021EA74F7002CCB94 /* HRN_LMP_CM.bmp in Resources */,
				A5F6ABB421CF292E0027D425 /* Notes in Resources */,
				0284473E22C0455C00A4E479 /* normal-water.png in Resources */,
				A5C952CB21CEA53000B23364 /* plane.mtl in Resources */,
				A58F1A0421E931E5003F6F1F /* rock2.obj in Resources */,
				02316F0122FF2943000DA34B /* Boy_Hair_diffuse.png in Resources */,
				A59150D62263C216008ED280 /* grass_tile.obj in Resources */,
				A59150C02263BC8B008ED280 /* pillar.obj in Resources */,
				A5C952CD21CEA53000B23364 /* ground.png in Resources */,
				A5A49166226B7AF8000A6BDD /* scaled_rigged_character.bin in Resources */,
				A56ACB5421C728750069962B /* Textures.xcassets in Resources */,
				A58F1A0821E931E5003F6F1F /* rock1.obj in Resources */,
				A57506B621CD646900C63081 /* large-plane.obj in Resources */,
				A57506B421CD646900C63081 /* large-plane.mtl in Resources */,
				A5A49162226B7AF8000A6BDD /* middleage_lightskinned_female_diffuse.png in Resources */,
				A58F1A0A21E931E5003F6F1F /* rock1.mtl in Resources */,
				A5819C5F21E59CB400E724BE /* firstHuman_rigged_1_working_walk.gltf in Resources */,
				02316F0922FF2943000DA34B /* Boy_Shoes_diffuse.png in Resources */,
				A58F1A0E21E931E5003F6F1F /* rock3.mtl in Resources */,
				A59150D22263C216008ED280 /* tree_tile.obj in Resources */,
				A5A4915E226B7AF8000A6BDD /* ponytail01_diffuse.png in Resources */,
				A59150CE2263C216008ED280 /* grass_tile.mtl in Resources */,
				A59150C32263BFDD008ED280 /* grid_texture.png in Resources */,
				A539CE7C21E29C0A004FD174 /* chipped_paint_texture.jpg in Resources */,
				A59150D42263C216008ED280 /* grass_tile_long.mtl in Resources */,
				A57F6A3E21B8CB43002C0632 /* LaunchScreen.storyboard in Resources */,
				02316F0722FF2943000DA34B /* Boy_Hands_diffuse.png in Resources */,
				A57F6A3B21B8CB43002C0632 /* Assets.xcassets in Resources */,
				A5CBD1BC21E29B3C001D77EF /* animated_ball_texture.gltf in Resources */,
				A58F1A0621E931E5003F6F1F /* rock3.obj in Resources */,
				A57F6A3921B8CB42002C0632 /* Main.storyboard in Resources */,
				A5A49164226B7AF8000A6BDD /* scaled_rigged_character.gltf in Resources */,
				A5A49160226B7AF8000A6BDD /* teeth.png in Resources */,
				A57506BA21CD646900C63081 /* treefir.obj in Resources */,
				A59150D02263C216008ED280 /* grass_tile_long.obj in Resources */,
				02316F0322FF2943000DA34B /* boy_walking.bin in Resources */,
				A5CB1E8621EA74F7002CCB94 /* HRN_LMP_NM.bmp in Resources */,
				A5819C5B21E59CB400E724BE /* young_lightskinned_female_diffuse2.png in Resources */,
				02316F0522FF2943000DA34B /* Boy_Scarf_diffuse.png in Resources */,
				A57506C321CD65A400C63081 /* skeleton.gltf in Resources */,
				A59150B62263BA6F008ED280 /* floor_grid.obj in Resources */,
				A5CB1E8221EA74F7002CCB94 /* SA_LD_Medieval_Horn_Lantern.mtl in Resources */,
				02316F0D22FF2943000DA34B /* Boy_LowerBody_diffuse.png in Resources */,
				A59150BE2263BC8B008ED280 /* pillar.mtl in Resources */,
				02316EFF22FF2943000DA34B /* boy_walking.gltf in Resources */,
			);
			runOnlyForDeploymentPostprocessing = 0;
		};
		A57F6A4521B8CBA8002C0632 /* Resources */ = {
			isa = PBXResourcesBuildPhase;
			buildActionMask = 2147483647;
			files = (
				A5CBD1BD21E29B3C001D77EF /* animated_ball_texture.gltf in Resources */,
				02316F0022FF2943000DA34B /* boy_walking.gltf in Resources */,
				A5CBD1BB21E29B3C001D77EF /* animated_ball_texture.bin in Resources */,
				A57506C621CD65A400C63081 /* buffer_skeleton.bin in Resources */,
				A5C952CC21CEA53000B23364 /* plane.mtl in Resources */,
				A5C952CA21CEA53000B23364 /* plane.obj in Resources */,
				A57506BB21CD646900C63081 /* treefir.obj in Resources */,
				A59150D32263C216008ED280 /* tree_tile.obj in Resources */,
				A59150D12263C216008ED280 /* grass_tile_long.obj in Resources */,
				A59150D52263C216008ED280 /* grass_tile_long.mtl in Resources */,
				A56ACB5521C728750069962B /* Textures.xcassets in Resources */,
				02316F0222FF2943000DA34B /* Boy_Hair_diffuse.png in Resources */,
				A57506B921CD646900C63081 /* treefir.mtl in Resources */,
				A59150B72263BA6F008ED280 /* floor_grid.obj in Resources */,
				A5819C6021E59CB400E724BE /* firstHuman_rigged_1_working_walk.gltf in Resources */,
				A5A49163226B7AF8000A6BDD /* middleage_lightskinned_female_diffuse.png in Resources */,
				02316F0E22FF2943000DA34B /* Boy_LowerBody_diffuse.png in Resources */,
				A5CB1E8721EA74F7002CCB94 /* HRN_LMP_NM.bmp in Resources */,
				A57506C421CD65A400C63081 /* skeleton.gltf in Resources */,
				02316F0422FF2943000DA34B /* boy_walking.bin in Resources */,
				A58F1A0D21E931E5003F6F1F /* rock2.mtl in Resources */,
				A5A4915F226B7AF8000A6BDD /* ponytail01_diffuse.png in Resources */,
				A58F1A0521E931E5003F6F1F /* rock2.obj in Resources */,
				A59150BA2263BA7E008ED280 /* floor_grid.mtl in Resources */,
				A59150CD2263C216008ED280 /* tree_tile.mtl in Resources */,
				02316F0822FF2943000DA34B /* Boy_Hands_diffuse.png in Resources */,
				A5A49165226B7AF8000A6BDD /* scaled_rigged_character.gltf in Resources */,
				A57506B721CD646900C63081 /* large-plane.obj in Resources */,
				A58F1A0B21E931E5003F6F1F /* rock1.mtl in Resources */,
				0284473F22C0455C00A4E479 /* normal-water.png in Resources */,
				02316F0C22FF2943000DA34B /* Boy_Head_diffuse.png in Resources */,
				02316EFE22FF2943000DA34B /* Boy_UpperBody_diffuse.png in Resources */,
				A57506B521CD646900C63081 /* large-plane.mtl in Resources */,
				A5CB1E8121EA74F7002CCB94 /* HRN_LMP_CM.bmp in Resources */,
				A58F1A0721E931E5003F6F1F /* rock3.obj in Resources */,
				A5A49169226B7AF8000A6BDD /* brown_eye.png in Resources */,
				A5C952CE21CEA53000B23364 /* ground.png in Resources */,
				A57F6A4E21B8CBA8002C0632 /* Assets.xcassets in Resources */,
				A5A49161226B7AF8000A6BDD /* teeth.png in Resources */,
				A59150D72263C216008ED280 /* grass_tile.obj in Resources */,
				02316F0A22FF2943000DA34B /* Boy_Shoes_diffuse.png in Resources */,
				A57F6A5121B8CBA8002C0632 /* Main.storyboard in Resources */,
				A539CE7D21E29C3E004FD174 /* chipped_paint_texture.jpg in Resources */,
				A5A49167226B7AF8000A6BDD /* scaled_rigged_character.bin in Resources */,
				A58F1A0921E931E5003F6F1F /* rock1.obj in Resources */,
				A5819C5C21E59CB400E724BE /* young_lightskinned_female_diffuse2.png in Resources */,
				A59150BF2263BC8B008ED280 /* pillar.mtl in Resources */,
				A5CB1E8321EA74F7002CCB94 /* SA_LD_Medieval_Horn_Lantern.mtl in Resources */,
				A5CB1E8521EA74F7002CCB94 /* SA_LD_Medieval_Horn_Lantern.obj in Resources */,
				02316F0622FF2943000DA34B /* Boy_Scarf_diffuse.png in Resources */,
				A59150CF2263C216008ED280 /* grass_tile.mtl in Resources */,
				A59150C42263BFDD008ED280 /* grid_texture.png in Resources */,
				A59150C12263BC8B008ED280 /* pillar.obj in Resources */,
				A58F1A0F21E931E5003F6F1F /* rock3.mtl in Resources */,
				A5819C5E21E59CB400E724BE /* firstHuman_rigged_1_working_walk.bin in Resources */,
			);
			runOnlyForDeploymentPostprocessing = 0;
		};
/* End PBXResourcesBuildPhase section */

/* Begin PBXSourcesBuildPhase section */
		A57F6A2D21B8CB42002C0632 /* Sources */ = {
			isa = PBXSourcesBuildPhase;
			buildActionMask = 2147483647;
			files = (
				A57506D721CD6C9200C63081 /* GLTFMathLibrary.swift in Sources */,
				A563DF1221E6EBBE00563EA9 /* Skybox.swift in Sources */,
				A5A1CD1E21B9F332002F6F35 /* Prop.swift in Sources */,
				A5A9E08E21BC1A1800A6F6BB /* Texturable.swift in Sources */,
				A57506E221CDA2C600C63081 /* GameScene.swift in Sources */,
				A563DF1521E7999F00563EA9 /* Skybox.metal in Sources */,
				A563DF1C21E8035200563EA9 /* Transform.swift in Sources */,
				A5F08F3D21FCC7A0007E276F /* Shadow.metal in Sources */,
				A5A1CD1B21B9EFEF002F6F35 /* Camera.swift in Sources */,
				A58F1A1121E94112003F6F1F /* MorphShader.metal in Sources */,
				A57506DF21CD970B00C63081 /* Scene.swift in Sources */,
				A5CB1EA021EA848E002CCB94 /* DebugLights.swift in Sources */,
				A57F6A3621B8CB42002C0632 /* LocalViewController.swift in Sources */,
				A57506CA21CD669700C63081 /* DebugBoundingBox.metal in Sources */,
				A57F6A5721B8CBD7002C0632 /* Renderer.swift in Sources */,
				A588D83A21CAE1A300652FC2 /* Character.swift in Sources */,
				A5A1CD2421BA2833002F6F35 /* ViewController.swift in Sources */,
				A57F6A3421B8CB42002C0632 /* AppDelegate.swift in Sources */,
				A57506D021CD680E00C63081 /* Renderable.swift in Sources */,
				A5C952C521CE952D00B23364 /* MotionController.swift in Sources */,
				A57506DB21CD6C9200C63081 /* GLTFTypes.swift in Sources */,
				A57F6A5921B8CBDA002C0632 /* Primitive.swift in Sources */,
				0284473822C02DFB00A4E479 /* Water.swift in Sources */,
				A5A1CD3821BA2972002F6F35 /* RendererExtensions.swift in Sources */,
				A57506CC21CD669700C63081 /* DebugBoundingBox.swift in Sources */,
				A57506EC21CE942700C63081 /* InputController.swift in Sources */,
				A551AE0821C9A4E700FA207B /* Animation.swift in Sources */,
				0284474122C04EE500A4E479 /* RenderPass.swift in Sources */,
				A57506D921CD6C9200C63081 /* GLTFAsset.swift in Sources */,
				A57F6A5B21B8CBDF002C0632 /* Shaders.metal in Sources */,
				A5CB1E9E21EA848E002CCB94 /* DebugLights.metal in Sources */,
				A5A1CD2921BA2887002F6F35 /* ViewControllerExtension.swift in Sources */,
				A588D83D21CAEE3300652FC2 /* CharacterShaders.metal in Sources */,
				A57506A021CD63E200C63081 /* PhysicsController.swift in Sources */,
				A5A1CD2121B9F718002F6F35 /* Submesh.swift in Sources */,
				A57F6A6321B978E3002C0632 /* MathLibrary.swift in Sources */,
				0284473B22C0377500A4E479 /* Water.metal in Sources */,
				A5A1CD1821B9EC5D002F6F35 /* Node.swift in Sources */,
				A57506EE21CE942700C63081 /* GameView.swift in Sources */,
			);
			runOnlyForDeploymentPostprocessing = 0;
		};
		A57F6A4321B8CBA8002C0632 /* Sources */ = {
			isa = PBXSourcesBuildPhase;
			buildActionMask = 2147483647;
			files = (
				A5A1CD1F21B9F332002F6F35 /* Prop.swift in Sources */,
				A5A9E08F21BC1A8900A6F6BB /* Texturable.swift in Sources */,
				A5A1CD1C21B9EFEF002F6F35 /* Camera.swift in Sources */,
				A57F6A4C21B8CBA8002C0632 /* LocalViewController.swift in Sources */,
				A57506D821CD6C9200C63081 /* GLTFMathLibrary.swift in Sources */,
				A5CB1E9F21EA848E002CCB94 /* DebugLights.metal in Sources */,
				0284473C22C0377500A4E479 /* Water.metal in Sources */,
				A563DF1621E7999F00563EA9 /* Skybox.metal in Sources */,
				0284474222C04EE500A4E479 /* RenderPass.swift in Sources */,
				A57F6A5821B8CBD8002C0632 /* Renderer.swift in Sources */,
				A588D83B21CAE1A300652FC2 /* Character.swift in Sources */,
				A5A1CD2521BA2833002F6F35 /* ViewController.swift in Sources */,
				A57F6A4A21B8CBA8002C0632 /* AppDelegate.swift in Sources */,
				A57F6A5A21B8CBDB002C0632 /* Primitive.swift in Sources */,
				A5A1CD3921BA2972002F6F35 /* RendererExtensions.swift in Sources */,
				0284473922C02DFB00A4E479 /* Water.swift in Sources */,
				A551AE0921C9A4E700FA207B /* Animation.swift in Sources */,
				A57F6A5C21B8CBDF002C0632 /* Shaders.metal in Sources */,
				A5A1CD2721BA2880002F6F35 /* ViewControllerExtension.swift in Sources */,
				A58F1A1221E94112003F6F1F /* MorphShader.metal in Sources */,
				A57506DC21CD6C9200C63081 /* GLTFTypes.swift in Sources */,
				A5CB1EA121EA848E002CCB94 /* DebugLights.swift in Sources */,
				A57506DA21CD6C9200C63081 /* GLTFAsset.swift in Sources */,
				A588D83E21CAEE3300652FC2 /* CharacterShaders.metal in Sources */,
				A563DF1321E6EBBE00563EA9 /* Skybox.swift in Sources */,
				A57506A121CD63E200C63081 /* PhysicsController.swift in Sources */,
				A5A1CD2221B9F718002F6F35 /* Submesh.swift in Sources */,
				A57506CB21CD669700C63081 /* DebugBoundingBox.metal in Sources */,
				A57F6A6421B978E3002C0632 /* MathLibrary.swift in Sources */,
				A563DF1D21E8035200563EA9 /* Transform.swift in Sources */,
				A5A1CD1921B9EC5D002F6F35 /* Node.swift in Sources */,
				A57506D121CD680E00C63081 /* Renderable.swift in Sources */,
				A575069F21CD63E200C63081 /* InputController.swift in Sources */,
				A57506CD21CD669700C63081 /* DebugBoundingBox.swift in Sources */,
				A5F08F3E21FCC7A0007E276F /* Shadow.metal in Sources */,
				A57506A321CD641300C63081 /* GameView.swift in Sources */,
				A57506E321CDA2C600C63081 /* GameScene.swift in Sources */,
				A57506E021CD970B00C63081 /* Scene.swift in Sources */,
			);
			runOnlyForDeploymentPostprocessing = 0;
		};
/* End PBXSourcesBuildPhase section */

/* Begin PBXVariantGroup section */
		A57F6A3721B8CB42002C0632 /* Main.storyboard */ = {
			isa = PBXVariantGroup;
			children = (
				A57F6A3821B8CB42002C0632 /* Base */,
			);
			name = Main.storyboard;
			sourceTree = "<group>";
		};
		A57F6A3C21B8CB43002C0632 /* LaunchScreen.storyboard */ = {
			isa = PBXVariantGroup;
			children = (
				A57F6A3D21B8CB43002C0632 /* Base */,
			);
			name = LaunchScreen.storyboard;
			sourceTree = "<group>";
		};
		A57F6A4F21B8CBA8002C0632 /* Main.storyboard */ = {
			isa = PBXVariantGroup;
			children = (
				A57F6A5021B8CBA8002C0632 /* Base */,
			);
			name = Main.storyboard;
			sourceTree = "<group>";
		};
/* End PBXVariantGroup section */

/* Begin XCBuildConfiguration section */
		A57F6A1C21B8A146002C0632 /* Debug */ = {
			isa = XCBuildConfiguration;
			buildSettings = {
				ALWAYS_SEARCH_USER_PATHS = NO;
				CLANG_ANALYZER_NONNULL = YES;
				CLANG_ANALYZER_NUMBER_OBJECT_CONVERSION = YES_AGGRESSIVE;
				CLANG_CXX_LANGUAGE_STANDARD = "gnu++14";
				CLANG_CXX_LIBRARY = "libc++";
				CLANG_ENABLE_MODULES = YES;
				CLANG_ENABLE_OBJC_ARC = YES;
				CLANG_ENABLE_OBJC_WEAK = YES;
				CLANG_WARN_BLOCK_CAPTURE_AUTORELEASING = YES;
				CLANG_WARN_BOOL_CONVERSION = YES;
				CLANG_WARN_COMMA = YES;
				CLANG_WARN_CONSTANT_CONVERSION = YES;
				CLANG_WARN_DEPRECATED_OBJC_IMPLEMENTATIONS = YES;
				CLANG_WARN_DIRECT_OBJC_ISA_USAGE = YES_ERROR;
				CLANG_WARN_DOCUMENTATION_COMMENTS = YES;
				CLANG_WARN_EMPTY_BODY = YES;
				CLANG_WARN_ENUM_CONVERSION = YES;
				CLANG_WARN_INFINITE_RECURSION = YES;
				CLANG_WARN_INT_CONVERSION = YES;
				CLANG_WARN_NON_LITERAL_NULL_CONVERSION = YES;
				CLANG_WARN_OBJC_IMPLICIT_RETAIN_SELF = YES;
				CLANG_WARN_OBJC_LITERAL_CONVERSION = YES;
				CLANG_WARN_OBJC_ROOT_CLASS = YES_ERROR;
				CLANG_WARN_RANGE_LOOP_ANALYSIS = YES;
				CLANG_WARN_STRICT_PROTOTYPES = YES;
				CLANG_WARN_SUSPICIOUS_MOVE = YES;
				CLANG_WARN_UNGUARDED_AVAILABILITY = YES_AGGRESSIVE;
				CLANG_WARN_UNREACHABLE_CODE = YES;
				CLANG_WARN__DUPLICATE_METHOD_MATCH = YES;
				CODE_SIGN_IDENTITY = "Mac Developer";
				COPY_PHASE_STRIP = NO;
				DEBUG_INFORMATION_FORMAT = dwarf;
				ENABLE_STRICT_OBJC_MSGSEND = YES;
				ENABLE_TESTABILITY = YES;
				GCC_C_LANGUAGE_STANDARD = gnu11;
				GCC_DYNAMIC_NO_PIC = NO;
				GCC_NO_COMMON_BLOCKS = YES;
				GCC_OPTIMIZATION_LEVEL = 0;
				GCC_PREPROCESSOR_DEFINITIONS = (
					"DEBUG=1",
					"$(inherited)",
				);
				GCC_WARN_64_TO_32_BIT_CONVERSION = YES;
				GCC_WARN_ABOUT_RETURN_TYPE = YES_ERROR;
				GCC_WARN_UNDECLARED_SELECTOR = YES;
				GCC_WARN_UNINITIALIZED_AUTOS = YES_AGGRESSIVE;
				GCC_WARN_UNUSED_FUNCTION = YES;
				GCC_WARN_UNUSED_VARIABLE = YES;
				IPHONEOS_DEPLOYMENT_TARGET = 12.1;
				MACOSX_DEPLOYMENT_TARGET = 10.12;
				MTL_ENABLE_DEBUG_INFO = INCLUDE_SOURCE;
				MTL_FAST_MATH = YES;
				ONLY_ACTIVE_ARCH = YES;
				SDKROOT = macosx;
				SWIFT_ACTIVE_COMPILATION_CONDITIONS = DEBUG;
				SWIFT_OBJC_BRIDGING_HEADER = Common/Common.h;
				SWIFT_OPTIMIZATION_LEVEL = "-Onone";
			};
			name = Debug;
		};
		A57F6A1D21B8A146002C0632 /* Release */ = {
			isa = XCBuildConfiguration;
			buildSettings = {
				ALWAYS_SEARCH_USER_PATHS = NO;
				CLANG_ANALYZER_NONNULL = YES;
				CLANG_ANALYZER_NUMBER_OBJECT_CONVERSION = YES_AGGRESSIVE;
				CLANG_CXX_LANGUAGE_STANDARD = "gnu++14";
				CLANG_CXX_LIBRARY = "libc++";
				CLANG_ENABLE_MODULES = YES;
				CLANG_ENABLE_OBJC_ARC = YES;
				CLANG_ENABLE_OBJC_WEAK = YES;
				CLANG_WARN_BLOCK_CAPTURE_AUTORELEASING = YES;
				CLANG_WARN_BOOL_CONVERSION = YES;
				CLANG_WARN_COMMA = YES;
				CLANG_WARN_CONSTANT_CONVERSION = YES;
				CLANG_WARN_DEPRECATED_OBJC_IMPLEMENTATIONS = YES;
				CLANG_WARN_DIRECT_OBJC_ISA_USAGE = YES_ERROR;
				CLANG_WARN_DOCUMENTATION_COMMENTS = YES;
				CLANG_WARN_EMPTY_BODY = YES;
				CLANG_WARN_ENUM_CONVERSION = YES;
				CLANG_WARN_INFINITE_RECURSION = YES;
				CLANG_WARN_INT_CONVERSION = YES;
				CLANG_WARN_NON_LITERAL_NULL_CONVERSION = YES;
				CLANG_WARN_OBJC_IMPLICIT_RETAIN_SELF = YES;
				CLANG_WARN_OBJC_LITERAL_CONVERSION = YES;
				CLANG_WARN_OBJC_ROOT_CLASS = YES_ERROR;
				CLANG_WARN_RANGE_LOOP_ANALYSIS = YES;
				CLANG_WARN_STRICT_PROTOTYPES = YES;
				CLANG_WARN_SUSPICIOUS_MOVE = YES;
				CLANG_WARN_UNGUARDED_AVAILABILITY = YES_AGGRESSIVE;
				CLANG_WARN_UNREACHABLE_CODE = YES;
				CLANG_WARN__DUPLICATE_METHOD_MATCH = YES;
				CODE_SIGN_IDENTITY = "Mac Developer";
				COPY_PHASE_STRIP = NO;
				DEBUG_INFORMATION_FORMAT = "dwarf-with-dsym";
				ENABLE_NS_ASSERTIONS = NO;
				ENABLE_STRICT_OBJC_MSGSEND = YES;
				GCC_C_LANGUAGE_STANDARD = gnu11;
				GCC_NO_COMMON_BLOCKS = YES;
				GCC_WARN_64_TO_32_BIT_CONVERSION = YES;
				GCC_WARN_ABOUT_RETURN_TYPE = YES_ERROR;
				GCC_WARN_UNDECLARED_SELECTOR = YES;
				GCC_WARN_UNINITIALIZED_AUTOS = YES_AGGRESSIVE;
				GCC_WARN_UNUSED_FUNCTION = YES;
				GCC_WARN_UNUSED_VARIABLE = YES;
				IPHONEOS_DEPLOYMENT_TARGET = 12.1;
				MACOSX_DEPLOYMENT_TARGET = 10.12;
				MTL_ENABLE_DEBUG_INFO = NO;
				MTL_FAST_MATH = YES;
				SDKROOT = macosx;
				SWIFT_COMPILATION_MODE = wholemodule;
				SWIFT_OBJC_BRIDGING_HEADER = Common/Common.h;
				SWIFT_OPTIMIZATION_LEVEL = "-O";
			};
			name = Release;
		};
		A57F6A4121B8CB43002C0632 /* Debug */ = {
			isa = XCBuildConfiguration;
			buildSettings = {
				ASSETCATALOG_COMPILER_APPICON_NAME = AppIcon;
				CODE_SIGN_IDENTITY = "iPhone Developer";
				CODE_SIGN_STYLE = Automatic;
				DEVELOPMENT_TEAM = 4HWQ95CTCF;
				FRAMEWORK_SEARCH_PATHS = (
					"$(inherited)",
					"$(PROJECT_DIR)/Common",
				);
				INFOPLIST_FILE = "Highlands-iOS/Info.plist";
				IPHONEOS_DEPLOYMENT_TARGET = 12.1;
				LD_RUNPATH_SEARCH_PATHS = (
					"$(inherited)",
					"@executable_path/Frameworks",
				);
				PRODUCT_BUNDLE_IDENTIFIER = "mehus.scott.com.Highlands-iOS";
				PRODUCT_NAME = "$(TARGET_NAME)";
				SDKROOT = iphoneos;
				SWIFT_OBJC_BRIDGING_HEADER = Common/Shaders/Common.h;
				SWIFT_VERSION = 4.2;
				TARGETED_DEVICE_FAMILY = "1,2";
			};
			name = Debug;
		};
		A57F6A4221B8CB43002C0632 /* Release */ = {
			isa = XCBuildConfiguration;
			buildSettings = {
				ASSETCATALOG_COMPILER_APPICON_NAME = AppIcon;
				CODE_SIGN_IDENTITY = "iPhone Developer";
				CODE_SIGN_STYLE = Automatic;
				DEVELOPMENT_TEAM = 4HWQ95CTCF;
				FRAMEWORK_SEARCH_PATHS = (
					"$(inherited)",
					"$(PROJECT_DIR)/Common",
				);
				INFOPLIST_FILE = "Highlands-iOS/Info.plist";
				IPHONEOS_DEPLOYMENT_TARGET = 12.1;
				LD_RUNPATH_SEARCH_PATHS = (
					"$(inherited)",
					"@executable_path/Frameworks",
				);
				PRODUCT_BUNDLE_IDENTIFIER = "mehus.scott.com.Highlands-iOS";
				PRODUCT_NAME = "$(TARGET_NAME)";
				SDKROOT = iphoneos;
				SWIFT_OBJC_BRIDGING_HEADER = Common/Shaders/Common.h;
				SWIFT_VERSION = 4.2;
				TARGETED_DEVICE_FAMILY = "1,2";
				VALIDATE_PRODUCT = YES;
			};
			name = Release;
		};
		A57F6A5521B8CBA8002C0632 /* Debug */ = {
			isa = XCBuildConfiguration;
			buildSettings = {
				ASSETCATALOG_COMPILER_APPICON_NAME = AppIcon;
				CODE_SIGN_ENTITLEMENTS = "Highlands-macOS/Highlands_macOS.entitlements";
				CODE_SIGN_STYLE = Automatic;
				COMBINE_HIDPI_IMAGES = YES;
				DEVELOPMENT_TEAM = 4HWQ95CTCF;
				FRAMEWORK_SEARCH_PATHS = (
					"$(inherited)",
					"$(PROJECT_DIR)/Common",
				);
				INFOPLIST_FILE = "Highlands-macOS/Info.plist";
				LD_RUNPATH_SEARCH_PATHS = (
					"$(inherited)",
					"@executable_path/../Frameworks",
				);
				PRODUCT_BUNDLE_IDENTIFIER = "mehus.scott.com.Highlands-macOS";
				PRODUCT_NAME = "$(TARGET_NAME)";
				SWIFT_OBJC_BRIDGING_HEADER = Common/Shaders/Common.h;
				SWIFT_VERSION = 4.2;
			};
			name = Debug;
		};
		A57F6A5621B8CBA8002C0632 /* Release */ = {
			isa = XCBuildConfiguration;
			buildSettings = {
				ASSETCATALOG_COMPILER_APPICON_NAME = AppIcon;
				CODE_SIGN_ENTITLEMENTS = "Highlands-macOS/Highlands_macOS.entitlements";
				CODE_SIGN_STYLE = Automatic;
				COMBINE_HIDPI_IMAGES = YES;
				DEVELOPMENT_TEAM = 4HWQ95CTCF;
				FRAMEWORK_SEARCH_PATHS = (
					"$(inherited)",
					"$(PROJECT_DIR)/Common",
				);
				INFOPLIST_FILE = "Highlands-macOS/Info.plist";
				LD_RUNPATH_SEARCH_PATHS = (
					"$(inherited)",
					"@executable_path/../Frameworks",
				);
				PRODUCT_BUNDLE_IDENTIFIER = "mehus.scott.com.Highlands-macOS";
				PRODUCT_NAME = "$(TARGET_NAME)";
				SWIFT_OBJC_BRIDGING_HEADER = Common/Shaders/Common.h;
				SWIFT_VERSION = 4.2;
			};
			name = Release;
		};
/* End XCBuildConfiguration section */

/* Begin XCConfigurationList section */
		A57F6A0921B8A145002C0632 /* Build configuration list for PBXProject "Highlands" */ = {
			isa = XCConfigurationList;
			buildConfigurations = (
				A57F6A1C21B8A146002C0632 /* Debug */,
				A57F6A1D21B8A146002C0632 /* Release */,
			);
			defaultConfigurationIsVisible = 0;
			defaultConfigurationName = Release;
		};
		A57F6A4021B8CB43002C0632 /* Build configuration list for PBXNativeTarget "Highlands-iOS" */ = {
			isa = XCConfigurationList;
			buildConfigurations = (
				A57F6A4121B8CB43002C0632 /* Debug */,
				A57F6A4221B8CB43002C0632 /* Release */,
			);
			defaultConfigurationIsVisible = 0;
			defaultConfigurationName = Release;
		};
		A57F6A5421B8CBA8002C0632 /* Build configuration list for PBXNativeTarget "Highlands-macOS" */ = {
			isa = XCConfigurationList;
			buildConfigurations = (
				A57F6A5521B8CBA8002C0632 /* Debug */,
				A57F6A5621B8CBA8002C0632 /* Release */,
			);
			defaultConfigurationIsVisible = 0;
			defaultConfigurationName = Release;
		};
/* End XCConfigurationList section */
	};
	rootObject = A57F6A0621B8A145002C0632 /* Project object */;
}
